// !$*UTF8*$!
{
	archiveVersion = 1;
	classes = {
	};
	objectVersion = 52;
	objects = {

/* Begin PBXBuildFile section */
		22F2606C5E792313E05C9DFA /* DangerButtonStyle.swift in Sources */ = {isa = PBXBuildFile; fileRef = 22F2644E6EE7924DF1DFBFFE /* DangerButtonStyle.swift */; };
		22F26087A50C957DC4402988 /* TriplePaneLayoutView.swift in Sources */ = {isa = PBXBuildFile; fileRef = 22F266EC64C1F7BA6AE16808 /* TriplePaneLayoutView.swift */; };
		22F260D137F4CD83C3670DFE /* NewCommentForm.swift in Sources */ = {isa = PBXBuildFile; fileRef = 22F26B803F19109572D1A7D9 /* NewCommentForm.swift */; };
		22F261767DF5E5743C0FF008 /* MockPostList.swift in Sources */ = {isa = PBXBuildFile; fileRef = 22F2669DD8A63B3417BC6376 /* MockPostList.swift */; };
		22F261A5584C1B6126A51076 /* PostRowView.swift in Sources */ = {isa = PBXBuildFile; fileRef = 22F265C3062A763839B52E3E /* PostRowView.swift */; };
		22F261BD7DAF35FFFF69A32A /* AccountFeedsList.swift in Sources */ = {isa = PBXBuildFile; fileRef = 22F26AD8A606180083BA1D0F /* AccountFeedsList.swift */; };
		22F262273352EB2F20171DD1 /* NewItemCommands.swift in Sources */ = {isa = PBXBuildFile; fileRef = 22F267C48D18E622053FF2B6 /* NewItemCommands.swift */; };
		22F262305E4B4890A14EBF32 /* Logger+OAuthLogProtocol.swift in Sources */ = {isa = PBXBuildFile; fileRef = 22F26BFE836405602FDB6EF1 /* Logger+OAuthLogProtocol.swift */; };
		22F2625FF1F9BDED7C8FEED7 /* NewPostForm.swift in Sources */ = {isa = PBXBuildFile; fileRef = 22F2621DBC55C2239EE306E9 /* NewPostForm.swift */; };
		22F2629F7991F10CC55F8646 /* DetailedPostView.swift in Sources */ = {isa = PBXBuildFile; fileRef = 22F269812B6D13E1FF3134CA /* DetailedPostView.swift */; };
		22F262E9F459B9282DE815CB /* Logger+OAuthLogProtocol.swift in Sources */ = {isa = PBXBuildFile; fileRef = 22F26BFE836405602FDB6EF1 /* Logger+OAuthLogProtocol.swift */; };
		22F263861FF90296F0604872 /* RefreshButton.swift in Sources */ = {isa = PBXBuildFile; fileRef = 22F26CD1853E0A4512FE7A14 /* RefreshButton.swift */; };
		22F2659410C2DF0CE2F524E8 /* NewCommentForm.swift in Sources */ = {isa = PBXBuildFile; fileRef = 22F26B803F19109572D1A7D9 /* NewCommentForm.swift */; };
		22F265E2BD3F93E5D3CEFF02 /* NewPostForm.swift in Sources */ = {isa = PBXBuildFile; fileRef = 22F2621DBC55C2239EE306E9 /* NewPostForm.swift */; };
		22F265EA68A5D4C7B37FFC9F /* Logger+OAuthLogProtocol.swift in Sources */ = {isa = PBXBuildFile; fileRef = 22F26BFE836405602FDB6EF1 /* Logger+OAuthLogProtocol.swift */; };
		22F26624614608068C45F953 /* CancelableViewModel.swift in Sources */ = {isa = PBXBuildFile; fileRef = 22F26E2F376D20C4FED06CC1 /* CancelableViewModel.swift */; };
		22F2678DF245D6A0F20537DD /* NewCommentForm.swift in Sources */ = {isa = PBXBuildFile; fileRef = 22F26B803F19109572D1A7D9 /* NewCommentForm.swift */; };
		22F268562543BDD565D4692F /* NewItemCommands.swift in Sources */ = {isa = PBXBuildFile; fileRef = 22F267C48D18E622053FF2B6 /* NewItemCommands.swift */; };
		22F268F9F8F79CE3710C2C0A /* CancelButton.swift in Sources */ = {isa = PBXBuildFile; fileRef = 22F268F37D252AE77C8C0BED /* CancelButton.swift */; };
		22F269865D654267FB61F813 /* DetailedPostView.swift in Sources */ = {isa = PBXBuildFile; fileRef = 22F269812B6D13E1FF3134CA /* DetailedPostView.swift */; };
		22F269875AEF821E307E65DA /* NSImage+Resized.swift in Sources */ = {isa = PBXBuildFile; fileRef = 22F262A2F4F215322B6061D8 /* NSImage+Resized.swift */; };
		22F26B35ECD9A649A208545C /* NSImage+Resized.swift in Sources */ = {isa = PBXBuildFile; fileRef = 22F262A2F4F215322B6061D8 /* NSImage+Resized.swift */; };
		22F26BB9D7C55FF427614FDA /* ValidationFailure+StringInterpolation.swift in Sources */ = {isa = PBXBuildFile; fileRef = 22F26B39571F266EC669C129 /* ValidationFailure+StringInterpolation.swift */; };
		22F26C0ED4D2B60F8DA3AEFF /* NewPostForm.swift in Sources */ = {isa = PBXBuildFile; fileRef = 22F2621DBC55C2239EE306E9 /* NewPostForm.swift */; };
		22F26C2F871E5CF8F6A119CA /* NSImage+Resized.swift in Sources */ = {isa = PBXBuildFile; fileRef = 22F262A2F4F215322B6061D8 /* NSImage+Resized.swift */; };
		22F26CE109E74B66983D463D /* DetailedPostView.swift in Sources */ = {isa = PBXBuildFile; fileRef = 22F269812B6D13E1FF3134CA /* DetailedPostView.swift */; };
		22F26E16A3958DE94C69BBB2 /* NavigationSelectionPreference.swift in Sources */ = {isa = PBXBuildFile; fileRef = 22F26EEABF3B3BEF1EA50F15 /* NavigationSelectionPreference.swift */; };
		22F26E7175C9DD49FD727B51 /* NewItemCommands.swift in Sources */ = {isa = PBXBuildFile; fileRef = 22F267C48D18E622053FF2B6 /* NewItemCommands.swift */; };
		22F26E78FDFFC86D51316229 /* AccountFeedsList.swift in Sources */ = {isa = PBXBuildFile; fileRef = 22F26AD8A606180083BA1D0F /* AccountFeedsList.swift */; };
		6D062E4F2402F6C500A3BDD0 /* IllithidButton.swift in Sources */ = {isa = PBXBuildFile; fileRef = 6D062E4E2402F6C500A3BDD0 /* IllithidButton.swift */; };
		6D09354025760F8C002DDBD8 /* PostGridView.swift in Sources */ = {isa = PBXBuildFile; fileRef = 6D09353F25760F8C002DDBD8 /* PostGridView.swift */; };
		6D0A1E45238399B9006CDB86 /* ToolbarDelegate.swift in Sources */ = {isa = PBXBuildFile; fileRef = 6D0A1E44238399B9006CDB86 /* ToolbarDelegate.swift */; };
		6D0A4EFA237A5CC700626E44 /* EraseToAnyView.swift in Sources */ = {isa = PBXBuildFile; fileRef = 6D0A4EF9237A5CC700626E44 /* EraseToAnyView.swift */; };
		6D0A4EFD237A6D2F00626E44 /* LinkPreview.swift in Sources */ = {isa = PBXBuildFile; fileRef = 6D0A4EFC237A6D2F00626E44 /* LinkPreview.swift */; };
		6D0EF1EC23B2BC8C007B4CCE /* AccountView.swift in Sources */ = {isa = PBXBuildFile; fileRef = 6D0EF1EB23B2BC8C007B4CCE /* AccountView.swift */; };
		6D0EF1EE23B3D89D007B4CCE /* AccountData.swift in Sources */ = {isa = PBXBuildFile; fileRef = 6D0EF1ED23B3D89D007B4CCE /* AccountData.swift */; };
		6D138DDA23865ACB008E00CF /* InformationBarData.swift in Sources */ = {isa = PBXBuildFile; fileRef = 6D138DD923865ACB008E00CF /* InformationBarData.swift */; };
		6D16DBCD22BD5D3F00FB891B /* CommentData.swift in Sources */ = {isa = PBXBuildFile; fileRef = 6D16DBCC22BD5D3F00FB891B /* CommentData.swift */; };
		6D1780B5240C975F005D7FD6 /* UserDefault.swift in Sources */ = {isa = PBXBuildFile; fileRef = 6D1780B4240C975F005D7FD6 /* UserDefault.swift */; };
		6D1780B7240CD47B005D7FD6 /* NSImageNames.swift in Sources */ = {isa = PBXBuildFile; fileRef = 6D1780B6240CD47B005D7FD6 /* NSImageNames.swift */; };
		6D18CD672419DA1F00E4BAC1 /* LinkConfiguration.swift in Sources */ = {isa = PBXBuildFile; fileRef = 6D18CD662419DA1F00E4BAC1 /* LinkConfiguration.swift */; };
		6D1BBBD926B7470D00354A45 /* NavigationStyle.swift in Sources */ = {isa = PBXBuildFile; fileRef = 6D1BBBD826B7470D00354A45 /* NavigationStyle.swift */; };
		6D1BBBDB26B7802F00354A45 /* PostStyle.swift in Sources */ = {isa = PBXBuildFile; fileRef = 6D1BBBDA26B7802F00354A45 /* PostStyle.swift */; };
		6D1DAF692407100C0020A9D6 /* RoundedBorderModifier.swift in Sources */ = {isa = PBXBuildFile; fileRef = 6D1DAF682407100C0020A9D6 /* RoundedBorderModifier.swift */; };
		6D1DAF6B24073BA80020A9D6 /* Browser.swift in Sources */ = {isa = PBXBuildFile; fileRef = 6D1DAF6A24073BA80020A9D6 /* Browser.swift */; };
		6D1DF051272A2AD0002A7AE5 /* Illithid in Frameworks */ = {isa = PBXBuildFile; productRef = 6D1DF050272A2AD0002A7AE5 /* Illithid */; };
		6D1DF054272A2B18002A7AE5 /* Maaku in Frameworks */ = {isa = PBXBuildFile; productRef = 6D1DF053272A2B18002A7AE5 /* Maaku */; };
		6D1DF057272A2BEA002A7AE5 /* XCDYouTubeKit in Frameworks */ = {isa = PBXBuildFile; productRef = 6D1DF056272A2BEA002A7AE5 /* XCDYouTubeKit */; };
		6D1F97B92431905000B3E9FC /* NsfwBlur.swift in Sources */ = {isa = PBXBuildFile; fileRef = 6D1F97B82431905000B3E9FC /* NsfwBlur.swift */; };
		6D28395322D3EBA400DD08F9 /* SearchView.swift in Sources */ = {isa = PBXBuildFile; fileRef = 6D28395222D3EBA400DD08F9 /* SearchView.swift */; };
		6D28395522D3F27300DD08F9 /* SearchData.swift in Sources */ = {isa = PBXBuildFile; fileRef = 6D28395422D3F27300DD08F9 /* SearchData.swift */; };
		6D2B385F26A259FC0060EC8F /* IllithidPages.swift in Sources */ = {isa = PBXBuildFile; fileRef = 6D2B385E26A259FC0060EC8F /* IllithidPages.swift */; };
		6D2B386226A25BAF0060EC8F /* Iconic.swift in Sources */ = {isa = PBXBuildFile; fileRef = 6D2B386126A25BAF0060EC8F /* Iconic.swift */; };
		6D2B386426A25C7A0060EC8F /* IconicTypes.swift in Sources */ = {isa = PBXBuildFile; fileRef = 6D2B386326A25C7A0060EC8F /* IconicTypes.swift */; };
		6D2DA08525857E2F001E31F4 /* frontpage_best.json in Resources */ = {isa = PBXBuildFile; fileRef = 6D2DA08425857E2F001E31F4 /* frontpage_best.json */; };
		6D2EA59922A7FEE20059B6EA /* IllithidUI.xcdatamodeld in Sources */ = {isa = PBXBuildFile; fileRef = 6D2EA59722A7FEE20059B6EA /* IllithidUI.xcdatamodeld */; };
		6D2EA59B22A7FEE40059B6EA /* Assets.xcassets in Resources */ = {isa = PBXBuildFile; fileRef = 6D2EA59A22A7FEE40059B6EA /* Assets.xcassets */; };
		6D2EA59E22A7FEE40059B6EA /* Preview Assets.xcassets in Resources */ = {isa = PBXBuildFile; fileRef = 6D2EA59D22A7FEE40059B6EA /* Preview Assets.xcassets */; };
		6D2EA5AD22A7FEE40059B6EA /* IllithidUITests.swift in Sources */ = {isa = PBXBuildFile; fileRef = 6D2EA5AC22A7FEE40059B6EA /* IllithidUITests.swift */; };
		6D2EA5B822A7FEE40059B6EA /* IllithidUIUITests.swift in Sources */ = {isa = PBXBuildFile; fileRef = 6D2EA5B722A7FEE40059B6EA /* IllithidUIUITests.swift */; };
		6D2FB7A4243E4C3B008CE0EB /* MediaStamp.swift in Sources */ = {isa = PBXBuildFile; fileRef = 6D2FB7A3243E4C3B008CE0EB /* MediaStamp.swift */; };
		6D3062382418943700D9E47B /* RedditLinkView.swift in Sources */ = {isa = PBXBuildFile; fileRef = 6D3062372418943700D9E47B /* RedditLinkView.swift */; };
		6D340DCC243A330900058F4D /* SortController.swift in Sources */ = {isa = PBXBuildFile; fileRef = 6D340DCB243A330900058F4D /* SortController.swift */; };
		6D34C68A241C891500CAB469 /* WebView.swift in Sources */ = {isa = PBXBuildFile; fileRef = 6D34C689241C891500CAB469 /* WebView.swift */; };
		6D3ADFB922FB81AC002DA19A /* single_post.json in Resources */ = {isa = PBXBuildFile; fileRef = 6D3ADFB822FB81AC002DA19A /* single_post.json */; };
		6D43AC3F252C2F73000787A3 /* AboutPanelOptionKey+Copyright.swift in Sources */ = {isa = PBXBuildFile; fileRef = 6D43AC3E252C2F73000787A3 /* AboutPanelOptionKey+Copyright.swift */; };
		6D43AC45252C3018000787A3 /* AboutCommands.swift in Sources */ = {isa = PBXBuildFile; fileRef = 6D43AC44252C3018000787A3 /* AboutCommands.swift */; };
		6D4E68342431267900529CA7 /* PinchAndZoom.swift in Sources */ = {isa = PBXBuildFile; fileRef = 6D4E68332431267900529CA7 /* PinchAndZoom.swift */; };
		6D53D9E922A94E7F0018F19D /* SubredditListData.swift in Sources */ = {isa = PBXBuildFile; fileRef = 6D53D9E822A94E7F0018F19D /* SubredditListData.swift */; };
		6D53D9EA22A94E7F0018F19D /* SubredditListData.swift in Sources */ = {isa = PBXBuildFile; fileRef = 6D53D9E822A94E7F0018F19D /* SubredditListData.swift */; };
		6D544EE922FF40C100196C25 /* ConditionalModifier.swift in Sources */ = {isa = PBXBuildFile; fileRef = 6D544EE822FF40C100196C25 /* ConditionalModifier.swift */; };
		6D558A0C22FF79080092AA88 /* CommentRowView.swift in Sources */ = {isa = PBXBuildFile; fileRef = 6D558A0B22FF79080092AA88 /* CommentRowView.swift */; };
		6D581E3E240AD2EE00B84606 /* VideoPlayer.swift in Sources */ = {isa = PBXBuildFile; fileRef = 6D581E3D240AD2EE00B84606 /* VideoPlayer.swift */; };
		6D5E61DF24C2A4B900C40154 /* PagedView.swift in Sources */ = {isa = PBXBuildFile; fileRef = 6D5E61DE24C2A4B900C40154 /* PagedView.swift */; };
		6D63953F2468A53300169C1D /* Post+Comment+DateFormatter.swift in Sources */ = {isa = PBXBuildFile; fileRef = 6D63953E2468A53300169C1D /* Post+Comment+DateFormatter.swift */; };
		6D639D7F22B2EE4600A24E72 /* IllithidConfiguration.swift in Sources */ = {isa = PBXBuildFile; fileRef = 6D639D7E22B2EE4600A24E72 /* IllithidConfiguration.swift */; };
		6D64892626C0EB8000ACE8F0 /* PostContextMenu.swift in Sources */ = {isa = PBXBuildFile; fileRef = 6D64892526C0EB8000ACE8F0 /* PostContextMenu.swift */; };
		6D651F17247DE5F500A8BC7A /* SearchBar.swift in Sources */ = {isa = PBXBuildFile; fileRef = 6D651F16247DE5F500A8BC7A /* SearchBar.swift */; };
		6D69371F241ED684004F5CBF /* HeightResizable.swift in Sources */ = {isa = PBXBuildFile; fileRef = 6D69371E241ED684004F5CBF /* HeightResizable.swift */; };
		6D6D153A272A4D240067E0A6 /* AVKit.framework in Frameworks */ = {isa = PBXBuildFile; fileRef = 6D6D1539272A4D240067E0A6 /* AVKit.framework */; };
		6D72F29A24B810FC00B686D8 /* NavigationPrompt.swift in Sources */ = {isa = PBXBuildFile; fileRef = 6D72F29924B810FC00B686D8 /* NavigationPrompt.swift */; };
		6D84876E259515AE00B2109A /* Localizable.strings in Resources */ = {isa = PBXBuildFile; fileRef = 6D848772259515AE00B2109A /* Localizable.strings */; };
		6D84876F259515AE00B2109A /* Localizable.strings in Resources */ = {isa = PBXBuildFile; fileRef = 6D848772259515AE00B2109A /* Localizable.strings */; };
		6D848770259515AE00B2109A /* Localizable.strings in Resources */ = {isa = PBXBuildFile; fileRef = 6D848772259515AE00B2109A /* Localizable.strings */; };
		6D85952D23AD502700FC90E0 /* PostDebugView.swift in Sources */ = {isa = PBXBuildFile; fileRef = 6D85952C23AD502700FC90E0 /* PostDebugView.swift */; };
		6D90CAA524E8995B00A6892A /* RecursiveView.swift in Sources */ = {isa = PBXBuildFile; fileRef = 6D90CAA424E8995B00A6892A /* RecursiveView.swift */; };
		6D9AC83024AD506B0076686B /* View+LoadingScreen.swift in Sources */ = {isa = PBXBuildFile; fileRef = 6D9AC82F24AD506B0076686B /* View+LoadingScreen.swift */; };
		6DA7C41E24BD5E5A00C3DFB6 /* Int+postAbbreviation.swift in Sources */ = {isa = PBXBuildFile; fileRef = 6DA7C41D24BD5E5A00C3DFB6 /* Int+postAbbreviation.swift */; };
		6DA9A2FC245E6172009444CC /* HostingWindow.swift in Sources */ = {isa = PBXBuildFile; fileRef = 6DA9A2FB245E6172009444CC /* HostingWindow.swift */; };
		6DAA94EB24BBE663001A07E5 /* PostModalView.swift in Sources */ = {isa = PBXBuildFile; fileRef = 6DAA94EA24BBE663001A07E5 /* PostModalView.swift */; };
		6DAEDDEF24A1B45D00B0FF06 /* Array+Cancel.swift in Sources */ = {isa = PBXBuildFile; fileRef = 6DAEDDEE24A1B45D00B0FF06 /* Array+Cancel.swift */; };
		6DAEDDF124A1B9AA00B0FF06 /* SubredditSuggestionView.swift in Sources */ = {isa = PBXBuildFile; fileRef = 6DAEDDF024A1B9AA00B0FF06 /* SubredditSuggestionView.swift */; };
		6DB1549D246F932400D19100 /* SharingButton.swift in Sources */ = {isa = PBXBuildFile; fileRef = 6DB1549C246F932400D19100 /* SharingButton.swift */; };
		6DB43B1E25806F00001D3E85 /* DebugCommands.swift in Sources */ = {isa = PBXBuildFile; fileRef = 6DB43B1D25806F00001D3E85 /* DebugCommands.swift */; };
		6DBB481C2575697C00C0B1E2 /* AppDelegate.swift in Sources */ = {isa = PBXBuildFile; fileRef = 6DBB481A2575697C00C0B1E2 /* AppDelegate.swift */; };
		6DBB481D2575697C00C0B1E2 /* RootView.swift in Sources */ = {isa = PBXBuildFile; fileRef = 6DBB481B2575697C00C0B1E2 /* RootView.swift */; };
		6DBB483925756A7300C0B1E2 /* Imgur.swift in Sources */ = {isa = PBXBuildFile; fileRef = 6DBB483525756A7300C0B1E2 /* Imgur.swift */; };
		6DBB483A25756A7300C0B1E2 /* Gfycat.swift in Sources */ = {isa = PBXBuildFile; fileRef = 6DBB483625756A7300C0B1E2 /* Gfycat.swift */; };
		6DBB483B25756A7300C0B1E2 /* PostContent.swift in Sources */ = {isa = PBXBuildFile; fileRef = 6DBB483725756A7300C0B1E2 /* PostContent.swift */; };
		6DBB483C25756A7300C0B1E2 /* YouTubeView.swift in Sources */ = {isa = PBXBuildFile; fileRef = 6DBB483825756A7300C0B1E2 /* YouTubeView.swift */; };
		6DBB485225756C6D00C0B1E2 /* SubredditSidebar.swift in Sources */ = {isa = PBXBuildFile; fileRef = 6DBB485125756C6D00C0B1E2 /* SubredditSidebar.swift */; };
		6DBB485825756CC500C0B1E2 /* MediaMetadataBar.swift in Sources */ = {isa = PBXBuildFile; fileRef = 6DBB485625756CC500C0B1E2 /* MediaMetadataBar.swift */; };
		6DBB485925756CC500C0B1E2 /* MediaPanel.swift in Sources */ = {isa = PBXBuildFile; fileRef = 6DBB485725756CC500C0B1E2 /* MediaPanel.swift */; };
		6DBB485F25756CEA00C0B1E2 /* EventModifiers+none.swift in Sources */ = {isa = PBXBuildFile; fileRef = 6DBB485D25756CEA00C0B1E2 /* EventModifiers+none.swift */; };
		6DBB486025756CEA00C0B1E2 /* URL+QueryDictionary.swift in Sources */ = {isa = PBXBuildFile; fileRef = 6DBB485E25756CEA00C0B1E2 /* URL+QueryDictionary.swift */; };
		6DBB486625756D5000C0B1E2 /* MediaMetadata.swift in Sources */ = {isa = PBXBuildFile; fileRef = 6DBB486525756D5000C0B1E2 /* MediaMetadata.swift */; };
		6DBB487025756D7400C0B1E2 /* AttributedText.swift in Sources */ = {isa = PBXBuildFile; fileRef = 6DBB486E25756D7400C0B1E2 /* AttributedText.swift */; };
		6DBB487125756D7400C0B1E2 /* Markdown.swift in Sources */ = {isa = PBXBuildFile; fileRef = 6DBB486F25756D7400C0B1E2 /* Markdown.swift */; };
		6DBB487C25756EC100C0B1E2 /* ListType.swift in Sources */ = {isa = PBXBuildFile; fileRef = 6DBB487B25756EC100C0B1E2 /* ListType.swift */; };
		6DBCFBDE2473737800174442 /* WikiPagesView.swift in Sources */ = {isa = PBXBuildFile; fileRef = 6DBCFBDD2473737800174442 /* WikiPagesView.swift */; };
		6DBCFBE0247381D600174442 /* WikiData.swift in Sources */ = {isa = PBXBuildFile; fileRef = 6DBCFBDF247381D600174442 /* WikiData.swift */; };
		6DBE9E4E240F73DE004E7375 /* FireLogger.swift in Sources */ = {isa = PBXBuildFile; fileRef = 6DBE9E4D240F73DE004E7375 /* FireLogger.swift */; };
		6DC19CD322B06AA7002F027B /* SubredditRowView.swift in Sources */ = {isa = PBXBuildFile; fileRef = 6DC19CD222B06AA7002F027B /* SubredditRowView.swift */; };
		6DC67CF522CFE043001B85C7 /* comments.json in Resources */ = {isa = PBXBuildFile; fileRef = 6DC67CF422CFE043001B85C7 /* comments.json */; };
		6DD5534E22A8901700A00033 /* SubredditListView.swift in Sources */ = {isa = PBXBuildFile; fileRef = 6DD5534D22A8901700A00033 /* SubredditListView.swift */; };
		6DDE004222BA8006008E6AF0 /* WindowManager.swift in Sources */ = {isa = PBXBuildFile; fileRef = 6DDE004122BA8006008E6AF0 /* WindowManager.swift */; };
		6DDE004422BA80EA008E6AF0 /* CommentsView.swift in Sources */ = {isa = PBXBuildFile; fileRef = 6DDE004322BA80EA008E6AF0 /* CommentsView.swift */; };
		6DE05C4D25EF4A2B001C62C0 /* Illithid in Frameworks */ = {isa = PBXBuildFile; productRef = 6D731BFE22A826CD0065183B /* Illithid */; };
		6DE05C4E25EF4A2B001C62C0 /* SDWebImageSwiftUI in Frameworks */ = {isa = PBXBuildFile; productRef = 6D99083C23E3D8D500E8686A /* SDWebImageSwiftUI */; };
		6DE05C4F25EF4A2B001C62C0 /* Kanna in Frameworks */ = {isa = PBXBuildFile; productRef = 6D6D420F2437C14E002D4413 /* Kanna */; };
		6DE40A5424DFD3C600AEB1D5 /* SubredditIcon.swift in Sources */ = {isa = PBXBuildFile; fileRef = 6DE40A5324DFD3C600AEB1D5 /* SubredditIcon.swift */; };
		6DE4DD9D2443A92D00CB57B1 /* OpenInNewTab.swift in Sources */ = {isa = PBXBuildFile; fileRef = 6DE4DD9C2443A92D00CB57B1 /* OpenInNewTab.swift */; };
		6DE756B822AE16E300A1F87B /* PostListData.swift in Sources */ = {isa = PBXBuildFile; fileRef = 6DE756B722AE16E300A1F87B /* PostListData.swift */; };
		6DE756BC22AE176E00A1F87B /* PostListView.swift in Sources */ = {isa = PBXBuildFile; fileRef = 6DE756BB22AE176E00A1F87B /* PostListView.swift */; };
		6DEDE5CA22B1D5FC0016EAF5 /* PreferencesView.swift in Sources */ = {isa = PBXBuildFile; fileRef = 6DEDE5C922B1D5FC0016EAF5 /* PreferencesView.swift */; };
		6DF5DDD022B95C1900C41786 /* WindowController.swift in Sources */ = {isa = PBXBuildFile; fileRef = 6DF5DDCF22B95C1900C41786 /* WindowController.swift */; };
		6DF68D8723878F4B0009CA74 /* InformationBarNavigationView.swift in Sources */ = {isa = PBXBuildFile; fileRef = 6DF68D8623878F4B0009CA74 /* InformationBarNavigationView.swift */; };
		6DF835CC24154A3F000FFE12 /* MultiredditEditView.swift in Sources */ = {isa = PBXBuildFile; fileRef = 6DF835CB24154A3F000FFE12 /* MultiredditEditView.swift */; };
		6DFB42F622CA884500272845 /* README.md in Resources */ = {isa = PBXBuildFile; fileRef = 6DFB42F522CA884500272845 /* README.md */; };
		6DFB42F822CA885000272845 /* LICENSE in Resources */ = {isa = PBXBuildFile; fileRef = 6DFB42F722CA885000272845 /* LICENSE */; };
		6DFD531C2410D4A90066E70F /* ModeratorData.swift in Sources */ = {isa = PBXBuildFile; fileRef = 6DFD531B2410D4A90066E70F /* ModeratorData.swift */; };
/* End PBXBuildFile section */

/* Begin PBXContainerItemProxy section */
		6D2EA5A922A7FEE40059B6EA /* PBXContainerItemProxy */ = {
			isa = PBXContainerItemProxy;
			containerPortal = 6D2EA58822A7FEE20059B6EA /* Project object */;
			proxyType = 1;
			remoteGlobalIDString = 6D2EA58F22A7FEE20059B6EA;
			remoteInfo = IllithidUI;
		};
		6D2EA5B422A7FEE40059B6EA /* PBXContainerItemProxy */ = {
			isa = PBXContainerItemProxy;
			containerPortal = 6D2EA58822A7FEE20059B6EA /* Project object */;
			proxyType = 1;
			remoteGlobalIDString = 6D2EA58F22A7FEE20059B6EA;
			remoteInfo = IllithidUI;
		};
/* End PBXContainerItemProxy section */

/* Begin PBXFileReference section */
		22F2621DBC55C2239EE306E9 /* NewPostForm.swift */ = {isa = PBXFileReference; fileEncoding = 4; lastKnownFileType = sourcecode.swift; path = NewPostForm.swift; sourceTree = "<group>"; };
		22F262A2F4F215322B6061D8 /* NSImage+Resized.swift */ = {isa = PBXFileReference; fileEncoding = 4; lastKnownFileType = sourcecode.swift; path = "NSImage+Resized.swift"; sourceTree = "<group>"; };
		22F2644E6EE7924DF1DFBFFE /* DangerButtonStyle.swift */ = {isa = PBXFileReference; fileEncoding = 4; lastKnownFileType = sourcecode.swift; path = DangerButtonStyle.swift; sourceTree = "<group>"; };
		22F265C3062A763839B52E3E /* PostRowView.swift */ = {isa = PBXFileReference; fileEncoding = 4; lastKnownFileType = sourcecode.swift; path = PostRowView.swift; sourceTree = "<group>"; };
		22F2669DD8A63B3417BC6376 /* MockPostList.swift */ = {isa = PBXFileReference; fileEncoding = 4; lastKnownFileType = sourcecode.swift; path = MockPostList.swift; sourceTree = "<group>"; };
		22F266EC64C1F7BA6AE16808 /* TriplePaneLayoutView.swift */ = {isa = PBXFileReference; fileEncoding = 4; lastKnownFileType = sourcecode.swift; path = TriplePaneLayoutView.swift; sourceTree = "<group>"; };
		22F267C48D18E622053FF2B6 /* NewItemCommands.swift */ = {isa = PBXFileReference; fileEncoding = 4; lastKnownFileType = sourcecode.swift; path = NewItemCommands.swift; sourceTree = "<group>"; };
		22F268F37D252AE77C8C0BED /* CancelButton.swift */ = {isa = PBXFileReference; fileEncoding = 4; lastKnownFileType = sourcecode.swift; path = CancelButton.swift; sourceTree = "<group>"; };
		22F269812B6D13E1FF3134CA /* DetailedPostView.swift */ = {isa = PBXFileReference; fileEncoding = 4; lastKnownFileType = sourcecode.swift; path = DetailedPostView.swift; sourceTree = "<group>"; };
		22F26AD8A606180083BA1D0F /* AccountFeedsList.swift */ = {isa = PBXFileReference; fileEncoding = 4; lastKnownFileType = sourcecode.swift; path = AccountFeedsList.swift; sourceTree = "<group>"; };
		22F26B39571F266EC669C129 /* ValidationFailure+StringInterpolation.swift */ = {isa = PBXFileReference; fileEncoding = 4; lastKnownFileType = sourcecode.swift; path = "ValidationFailure+StringInterpolation.swift"; sourceTree = "<group>"; };
		22F26B803F19109572D1A7D9 /* NewCommentForm.swift */ = {isa = PBXFileReference; fileEncoding = 4; lastKnownFileType = sourcecode.swift; path = NewCommentForm.swift; sourceTree = "<group>"; };
		22F26BFE836405602FDB6EF1 /* Logger+OAuthLogProtocol.swift */ = {isa = PBXFileReference; fileEncoding = 4; lastKnownFileType = sourcecode.swift; path = "Logger+OAuthLogProtocol.swift"; sourceTree = "<group>"; };
		22F26CD1853E0A4512FE7A14 /* RefreshButton.swift */ = {isa = PBXFileReference; fileEncoding = 4; lastKnownFileType = sourcecode.swift; path = RefreshButton.swift; sourceTree = "<group>"; };
		22F26E2F376D20C4FED06CC1 /* CancelableViewModel.swift */ = {isa = PBXFileReference; fileEncoding = 4; lastKnownFileType = sourcecode.swift; path = CancelableViewModel.swift; sourceTree = "<group>"; };
		22F26EEABF3B3BEF1EA50F15 /* NavigationSelectionPreference.swift */ = {isa = PBXFileReference; fileEncoding = 4; lastKnownFileType = sourcecode.swift; path = NavigationSelectionPreference.swift; sourceTree = "<group>"; };
		6D062E4E2402F6C500A3BDD0 /* IllithidButton.swift */ = {isa = PBXFileReference; lastKnownFileType = sourcecode.swift; path = IllithidButton.swift; sourceTree = "<group>"; };
		6D09353F25760F8C002DDBD8 /* PostGridView.swift */ = {isa = PBXFileReference; lastKnownFileType = sourcecode.swift; path = PostGridView.swift; sourceTree = "<group>"; };
		6D0A1E44238399B9006CDB86 /* ToolbarDelegate.swift */ = {isa = PBXFileReference; lastKnownFileType = sourcecode.swift; path = ToolbarDelegate.swift; sourceTree = "<group>"; };
		6D0A4EF9237A5CC700626E44 /* EraseToAnyView.swift */ = {isa = PBXFileReference; lastKnownFileType = sourcecode.swift; path = EraseToAnyView.swift; sourceTree = "<group>"; };
		6D0A4EFC237A6D2F00626E44 /* LinkPreview.swift */ = {isa = PBXFileReference; lastKnownFileType = sourcecode.swift; path = LinkPreview.swift; sourceTree = "<group>"; };
		6D0EF1EB23B2BC8C007B4CCE /* AccountView.swift */ = {isa = PBXFileReference; lastKnownFileType = sourcecode.swift; path = AccountView.swift; sourceTree = "<group>"; };
		6D0EF1ED23B3D89D007B4CCE /* AccountData.swift */ = {isa = PBXFileReference; lastKnownFileType = sourcecode.swift; path = AccountData.swift; sourceTree = "<group>"; };
		6D138DD923865ACB008E00CF /* InformationBarData.swift */ = {isa = PBXFileReference; lastKnownFileType = sourcecode.swift; path = InformationBarData.swift; sourceTree = "<group>"; };
		6D16DBCC22BD5D3F00FB891B /* CommentData.swift */ = {isa = PBXFileReference; lastKnownFileType = sourcecode.swift; path = CommentData.swift; sourceTree = "<group>"; };
		6D1780B4240C975F005D7FD6 /* UserDefault.swift */ = {isa = PBXFileReference; lastKnownFileType = sourcecode.swift; path = UserDefault.swift; sourceTree = "<group>"; };
		6D1780B6240CD47B005D7FD6 /* NSImageNames.swift */ = {isa = PBXFileReference; lastKnownFileType = sourcecode.swift; path = NSImageNames.swift; sourceTree = "<group>"; };
		6D18CD662419DA1F00E4BAC1 /* LinkConfiguration.swift */ = {isa = PBXFileReference; lastKnownFileType = sourcecode.swift; path = LinkConfiguration.swift; sourceTree = "<group>"; };
		6D1BBBD826B7470D00354A45 /* NavigationStyle.swift */ = {isa = PBXFileReference; lastKnownFileType = sourcecode.swift; path = NavigationStyle.swift; sourceTree = "<group>"; };
		6D1BBBDA26B7802F00354A45 /* PostStyle.swift */ = {isa = PBXFileReference; lastKnownFileType = sourcecode.swift; path = PostStyle.swift; sourceTree = "<group>"; };
		6D1DAF682407100C0020A9D6 /* RoundedBorderModifier.swift */ = {isa = PBXFileReference; lastKnownFileType = sourcecode.swift; path = RoundedBorderModifier.swift; sourceTree = "<group>"; };
		6D1DAF6A24073BA80020A9D6 /* Browser.swift */ = {isa = PBXFileReference; lastKnownFileType = sourcecode.swift; path = Browser.swift; sourceTree = "<group>"; };
		6D1F97B82431905000B3E9FC /* NsfwBlur.swift */ = {isa = PBXFileReference; lastKnownFileType = sourcecode.swift; path = NsfwBlur.swift; sourceTree = "<group>"; };
		6D28395222D3EBA400DD08F9 /* SearchView.swift */ = {isa = PBXFileReference; lastKnownFileType = sourcecode.swift; path = SearchView.swift; sourceTree = "<group>"; };
		6D28395422D3F27300DD08F9 /* SearchData.swift */ = {isa = PBXFileReference; lastKnownFileType = sourcecode.swift; path = SearchData.swift; sourceTree = "<group>"; };
		6D2B385E26A259FC0060EC8F /* IllithidPages.swift */ = {isa = PBXFileReference; lastKnownFileType = sourcecode.swift; path = IllithidPages.swift; sourceTree = "<group>"; };
		6D2B386126A25BAF0060EC8F /* Iconic.swift */ = {isa = PBXFileReference; lastKnownFileType = sourcecode.swift; path = Iconic.swift; sourceTree = "<group>"; };
		6D2B386326A25C7A0060EC8F /* IconicTypes.swift */ = {isa = PBXFileReference; lastKnownFileType = sourcecode.swift; path = IconicTypes.swift; sourceTree = "<group>"; };
		6D2DA08425857E2F001E31F4 /* frontpage_best.json */ = {isa = PBXFileReference; lastKnownFileType = text.json; path = frontpage_best.json; sourceTree = "<group>"; };
		6D2EA59022A7FEE20059B6EA /* IllithidUI.app */ = {isa = PBXFileReference; explicitFileType = wrapper.application; includeInIndex = 0; path = IllithidUI.app; sourceTree = BUILT_PRODUCTS_DIR; };
		6D2EA59822A7FEE20059B6EA /* IllithidUI.xcdatamodel */ = {isa = PBXFileReference; lastKnownFileType = wrapper.xcdatamodel; path = IllithidUI.xcdatamodel; sourceTree = "<group>"; };
		6D2EA59A22A7FEE40059B6EA /* Assets.xcassets */ = {isa = PBXFileReference; lastKnownFileType = folder.assetcatalog; path = Assets.xcassets; sourceTree = "<group>"; };
		6D2EA59D22A7FEE40059B6EA /* Preview Assets.xcassets */ = {isa = PBXFileReference; lastKnownFileType = folder.assetcatalog; path = "Preview Assets.xcassets"; sourceTree = "<group>"; };
		6D2EA5A222A7FEE40059B6EA /* Info.plist */ = {isa = PBXFileReference; lastKnownFileType = text.plist.xml; path = Info.plist; sourceTree = "<group>"; };
		6D2EA5A322A7FEE40059B6EA /* IllithidUI.entitlements */ = {isa = PBXFileReference; lastKnownFileType = text.plist.entitlements; path = IllithidUI.entitlements; sourceTree = "<group>"; };
		6D2EA5A822A7FEE40059B6EA /* IllithidUITests.xctest */ = {isa = PBXFileReference; explicitFileType = wrapper.cfbundle; includeInIndex = 0; path = IllithidUITests.xctest; sourceTree = BUILT_PRODUCTS_DIR; };
		6D2EA5AC22A7FEE40059B6EA /* IllithidUITests.swift */ = {isa = PBXFileReference; lastKnownFileType = sourcecode.swift; path = IllithidUITests.swift; sourceTree = "<group>"; };
		6D2EA5AE22A7FEE40059B6EA /* Info.plist */ = {isa = PBXFileReference; lastKnownFileType = text.plist.xml; path = Info.plist; sourceTree = "<group>"; };
		6D2EA5B322A7FEE40059B6EA /* IllithidUIUITests.xctest */ = {isa = PBXFileReference; explicitFileType = wrapper.cfbundle; includeInIndex = 0; path = IllithidUIUITests.xctest; sourceTree = BUILT_PRODUCTS_DIR; };
		6D2EA5B722A7FEE40059B6EA /* IllithidUIUITests.swift */ = {isa = PBXFileReference; lastKnownFileType = sourcecode.swift; path = IllithidUIUITests.swift; sourceTree = "<group>"; };
		6D2EA5B922A7FEE40059B6EA /* Info.plist */ = {isa = PBXFileReference; lastKnownFileType = text.plist.xml; path = Info.plist; sourceTree = "<group>"; };
		6D2FB7A3243E4C3B008CE0EB /* MediaStamp.swift */ = {isa = PBXFileReference; lastKnownFileType = sourcecode.swift; path = MediaStamp.swift; sourceTree = "<group>"; };
		6D3062372418943700D9E47B /* RedditLinkView.swift */ = {isa = PBXFileReference; lastKnownFileType = sourcecode.swift; path = RedditLinkView.swift; sourceTree = "<group>"; };
		6D340DCB243A330900058F4D /* SortController.swift */ = {isa = PBXFileReference; lastKnownFileType = sourcecode.swift; path = SortController.swift; sourceTree = "<group>"; };
		6D34C689241C891500CAB469 /* WebView.swift */ = {isa = PBXFileReference; lastKnownFileType = sourcecode.swift; path = WebView.swift; sourceTree = "<group>"; };
		6D3ADFB822FB81AC002DA19A /* single_post.json */ = {isa = PBXFileReference; lastKnownFileType = text.json; path = single_post.json; sourceTree = "<group>"; };
		6D43AC3E252C2F73000787A3 /* AboutPanelOptionKey+Copyright.swift */ = {isa = PBXFileReference; lastKnownFileType = sourcecode.swift; path = "AboutPanelOptionKey+Copyright.swift"; sourceTree = "<group>"; };
		6D43AC44252C3018000787A3 /* AboutCommands.swift */ = {isa = PBXFileReference; lastKnownFileType = sourcecode.swift; path = AboutCommands.swift; sourceTree = "<group>"; };
		6D4E68332431267900529CA7 /* PinchAndZoom.swift */ = {isa = PBXFileReference; lastKnownFileType = sourcecode.swift; path = PinchAndZoom.swift; sourceTree = "<group>"; };
		6D53D9E822A94E7F0018F19D /* SubredditListData.swift */ = {isa = PBXFileReference; lastKnownFileType = sourcecode.swift; path = SubredditListData.swift; sourceTree = "<group>"; };
		6D544EE822FF40C100196C25 /* ConditionalModifier.swift */ = {isa = PBXFileReference; lastKnownFileType = sourcecode.swift; path = ConditionalModifier.swift; sourceTree = "<group>"; };
		6D558A0B22FF79080092AA88 /* CommentRowView.swift */ = {isa = PBXFileReference; lastKnownFileType = sourcecode.swift; path = CommentRowView.swift; sourceTree = "<group>"; };
		6D581E3D240AD2EE00B84606 /* VideoPlayer.swift */ = {isa = PBXFileReference; lastKnownFileType = sourcecode.swift; path = VideoPlayer.swift; sourceTree = "<group>"; };
		6D5E61DE24C2A4B900C40154 /* PagedView.swift */ = {isa = PBXFileReference; lastKnownFileType = sourcecode.swift; path = PagedView.swift; sourceTree = "<group>"; };
		6D63953E2468A53300169C1D /* Post+Comment+DateFormatter.swift */ = {isa = PBXFileReference; lastKnownFileType = sourcecode.swift; path = "Post+Comment+DateFormatter.swift"; sourceTree = "<group>"; };
		6D639D7E22B2EE4600A24E72 /* IllithidConfiguration.swift */ = {isa = PBXFileReference; lastKnownFileType = sourcecode.swift; path = IllithidConfiguration.swift; sourceTree = "<group>"; };
		6D64892526C0EB8000ACE8F0 /* PostContextMenu.swift */ = {isa = PBXFileReference; lastKnownFileType = sourcecode.swift; path = PostContextMenu.swift; sourceTree = "<group>"; };
		6D651F16247DE5F500A8BC7A /* SearchBar.swift */ = {isa = PBXFileReference; lastKnownFileType = sourcecode.swift; path = SearchBar.swift; sourceTree = "<group>"; };
		6D69371E241ED684004F5CBF /* HeightResizable.swift */ = {isa = PBXFileReference; lastKnownFileType = sourcecode.swift; path = HeightResizable.swift; sourceTree = "<group>"; };
		6D6D1539272A4D240067E0A6 /* AVKit.framework */ = {isa = PBXFileReference; lastKnownFileType = wrapper.framework; name = AVKit.framework; path = System/Library/Frameworks/AVKit.framework; sourceTree = SDKROOT; };
		6D72F29924B810FC00B686D8 /* NavigationPrompt.swift */ = {isa = PBXFileReference; lastKnownFileType = sourcecode.swift; path = NavigationPrompt.swift; sourceTree = "<group>"; };
		6D848771259515AE00B2109A /* en */ = {isa = PBXFileReference; lastKnownFileType = text.plist.strings; name = en; path = en.lproj/Localizable.strings; sourceTree = "<group>"; };
		6D848776259515FD00B2109A /* ru */ = {isa = PBXFileReference; lastKnownFileType = text.plist.strings; name = ru; path = ru.lproj/Localizable.strings; sourceTree = "<group>"; };
		6D85952C23AD502700FC90E0 /* PostDebugView.swift */ = {isa = PBXFileReference; lastKnownFileType = sourcecode.swift; path = PostDebugView.swift; sourceTree = "<group>"; };
		6D8CD57922B5628B00E35BA8 /* .gitignore */ = {isa = PBXFileReference; lastKnownFileType = text; path = .gitignore; sourceTree = "<group>"; };
		6D90CAA424E8995B00A6892A /* RecursiveView.swift */ = {isa = PBXFileReference; lastKnownFileType = sourcecode.swift; path = RecursiveView.swift; sourceTree = "<group>"; };
		6D9AC82F24AD506B0076686B /* View+LoadingScreen.swift */ = {isa = PBXFileReference; lastKnownFileType = sourcecode.swift; path = "View+LoadingScreen.swift"; sourceTree = "<group>"; };
		6DA7C41D24BD5E5A00C3DFB6 /* Int+postAbbreviation.swift */ = {isa = PBXFileReference; fileEncoding = 4; lastKnownFileType = sourcecode.swift; path = "Int+postAbbreviation.swift"; sourceTree = "<group>"; };
		6DA9A2FB245E6172009444CC /* HostingWindow.swift */ = {isa = PBXFileReference; lastKnownFileType = sourcecode.swift; path = HostingWindow.swift; sourceTree = "<group>"; };
		6DAA94EA24BBE663001A07E5 /* PostModalView.swift */ = {isa = PBXFileReference; lastKnownFileType = sourcecode.swift; path = PostModalView.swift; sourceTree = "<group>"; };
		6DAEDDEE24A1B45D00B0FF06 /* Array+Cancel.swift */ = {isa = PBXFileReference; lastKnownFileType = sourcecode.swift; path = "Array+Cancel.swift"; sourceTree = "<group>"; };
		6DAEDDF024A1B9AA00B0FF06 /* SubredditSuggestionView.swift */ = {isa = PBXFileReference; lastKnownFileType = sourcecode.swift; path = SubredditSuggestionView.swift; sourceTree = "<group>"; };
		6DB1549C246F932400D19100 /* SharingButton.swift */ = {isa = PBXFileReference; lastKnownFileType = sourcecode.swift; path = SharingButton.swift; sourceTree = "<group>"; };
		6DB43B1D25806F00001D3E85 /* DebugCommands.swift */ = {isa = PBXFileReference; lastKnownFileType = sourcecode.swift; path = DebugCommands.swift; sourceTree = "<group>"; };
		6DBB481A2575697C00C0B1E2 /* AppDelegate.swift */ = {isa = PBXFileReference; fileEncoding = 4; lastKnownFileType = sourcecode.swift; path = AppDelegate.swift; sourceTree = "<group>"; };
		6DBB481B2575697C00C0B1E2 /* RootView.swift */ = {isa = PBXFileReference; fileEncoding = 4; lastKnownFileType = sourcecode.swift; path = RootView.swift; sourceTree = "<group>"; };
		6DBB483525756A7300C0B1E2 /* Imgur.swift */ = {isa = PBXFileReference; fileEncoding = 4; lastKnownFileType = sourcecode.swift; path = Imgur.swift; sourceTree = "<group>"; };
		6DBB483625756A7300C0B1E2 /* Gfycat.swift */ = {isa = PBXFileReference; fileEncoding = 4; lastKnownFileType = sourcecode.swift; path = Gfycat.swift; sourceTree = "<group>"; };
		6DBB483725756A7300C0B1E2 /* PostContent.swift */ = {isa = PBXFileReference; fileEncoding = 4; lastKnownFileType = sourcecode.swift; path = PostContent.swift; sourceTree = "<group>"; };
		6DBB483825756A7300C0B1E2 /* YouTubeView.swift */ = {isa = PBXFileReference; fileEncoding = 4; lastKnownFileType = sourcecode.swift; path = YouTubeView.swift; sourceTree = "<group>"; };
		6DBB485125756C6D00C0B1E2 /* SubredditSidebar.swift */ = {isa = PBXFileReference; fileEncoding = 4; lastKnownFileType = sourcecode.swift; path = SubredditSidebar.swift; sourceTree = "<group>"; };
		6DBB485625756CC500C0B1E2 /* MediaMetadataBar.swift */ = {isa = PBXFileReference; fileEncoding = 4; lastKnownFileType = sourcecode.swift; path = MediaMetadataBar.swift; sourceTree = "<group>"; };
		6DBB485725756CC500C0B1E2 /* MediaPanel.swift */ = {isa = PBXFileReference; fileEncoding = 4; lastKnownFileType = sourcecode.swift; path = MediaPanel.swift; sourceTree = "<group>"; };
		6DBB485D25756CEA00C0B1E2 /* EventModifiers+none.swift */ = {isa = PBXFileReference; fileEncoding = 4; lastKnownFileType = sourcecode.swift; path = "EventModifiers+none.swift"; sourceTree = "<group>"; };
		6DBB485E25756CEA00C0B1E2 /* URL+QueryDictionary.swift */ = {isa = PBXFileReference; fileEncoding = 4; lastKnownFileType = sourcecode.swift; path = "URL+QueryDictionary.swift"; sourceTree = "<group>"; };
		6DBB486525756D5000C0B1E2 /* MediaMetadata.swift */ = {isa = PBXFileReference; fileEncoding = 4; lastKnownFileType = sourcecode.swift; path = MediaMetadata.swift; sourceTree = "<group>"; };
		6DBB486E25756D7400C0B1E2 /* AttributedText.swift */ = {isa = PBXFileReference; fileEncoding = 4; lastKnownFileType = sourcecode.swift; path = AttributedText.swift; sourceTree = "<group>"; };
		6DBB486F25756D7400C0B1E2 /* Markdown.swift */ = {isa = PBXFileReference; fileEncoding = 4; lastKnownFileType = sourcecode.swift; path = Markdown.swift; sourceTree = "<group>"; };
		6DBB487B25756EC100C0B1E2 /* ListType.swift */ = {isa = PBXFileReference; fileEncoding = 4; lastKnownFileType = sourcecode.swift; path = ListType.swift; sourceTree = "<group>"; };
		6DBCFBDD2473737800174442 /* WikiPagesView.swift */ = {isa = PBXFileReference; lastKnownFileType = sourcecode.swift; path = WikiPagesView.swift; sourceTree = "<group>"; };
		6DBCFBDF247381D600174442 /* WikiData.swift */ = {isa = PBXFileReference; lastKnownFileType = sourcecode.swift; path = WikiData.swift; sourceTree = "<group>"; };
		6DBE9E4D240F73DE004E7375 /* FireLogger.swift */ = {isa = PBXFileReference; lastKnownFileType = sourcecode.swift; path = FireLogger.swift; sourceTree = "<group>"; };
		6DC19CD222B06AA7002F027B /* SubredditRowView.swift */ = {isa = PBXFileReference; lastKnownFileType = sourcecode.swift; path = SubredditRowView.swift; sourceTree = "<group>"; };
		6DC67CF422CFE043001B85C7 /* comments.json */ = {isa = PBXFileReference; lastKnownFileType = text.json; path = comments.json; sourceTree = "<group>"; };
		6DD5534D22A8901700A00033 /* SubredditListView.swift */ = {isa = PBXFileReference; lastKnownFileType = sourcecode.swift; path = SubredditListView.swift; sourceTree = "<group>"; };
		6DDE004122BA8006008E6AF0 /* WindowManager.swift */ = {isa = PBXFileReference; lastKnownFileType = sourcecode.swift; path = WindowManager.swift; sourceTree = "<group>"; };
		6DDE004322BA80EA008E6AF0 /* CommentsView.swift */ = {isa = PBXFileReference; lastKnownFileType = sourcecode.swift; path = CommentsView.swift; sourceTree = "<group>"; };
		6DE40A5324DFD3C600AEB1D5 /* SubredditIcon.swift */ = {isa = PBXFileReference; lastKnownFileType = sourcecode.swift; path = SubredditIcon.swift; sourceTree = "<group>"; };
		6DE4DD9C2443A92D00CB57B1 /* OpenInNewTab.swift */ = {isa = PBXFileReference; lastKnownFileType = sourcecode.swift; path = OpenInNewTab.swift; sourceTree = "<group>"; };
		6DE756B722AE16E300A1F87B /* PostListData.swift */ = {isa = PBXFileReference; lastKnownFileType = sourcecode.swift; path = PostListData.swift; sourceTree = "<group>"; };
		6DE756BB22AE176E00A1F87B /* PostListView.swift */ = {isa = PBXFileReference; lastKnownFileType = sourcecode.swift; path = PostListView.swift; sourceTree = "<group>"; };
		6DEDE5C922B1D5FC0016EAF5 /* PreferencesView.swift */ = {isa = PBXFileReference; lastKnownFileType = sourcecode.swift; path = PreferencesView.swift; sourceTree = "<group>"; };
		6DF5DDCF22B95C1900C41786 /* WindowController.swift */ = {isa = PBXFileReference; lastKnownFileType = sourcecode.swift; path = WindowController.swift; sourceTree = "<group>"; };
		6DF68D8623878F4B0009CA74 /* InformationBarNavigationView.swift */ = {isa = PBXFileReference; fileEncoding = 4; lastKnownFileType = sourcecode.swift; path = InformationBarNavigationView.swift; sourceTree = "<group>"; };
		6DF835CB24154A3F000FFE12 /* MultiredditEditView.swift */ = {isa = PBXFileReference; lastKnownFileType = sourcecode.swift; path = MultiredditEditView.swift; sourceTree = "<group>"; };
		6DFB42F522CA884500272845 /* README.md */ = {isa = PBXFileReference; fileEncoding = 4; lastKnownFileType = net.daringfireball.markdown; path = README.md; sourceTree = "<group>"; };
		6DFB42F722CA885000272845 /* LICENSE */ = {isa = PBXFileReference; fileEncoding = 4; lastKnownFileType = text; path = LICENSE; sourceTree = "<group>"; };
		6DFD531B2410D4A90066E70F /* ModeratorData.swift */ = {isa = PBXFileReference; lastKnownFileType = sourcecode.swift; path = ModeratorData.swift; sourceTree = "<group>"; };
/* End PBXFileReference section */

/* Begin PBXFrameworksBuildPhase section */
		6D2EA58D22A7FEE20059B6EA /* Frameworks */ = {
			isa = PBXFrameworksBuildPhase;
			buildActionMask = 2147483647;
			files = (
				6D6D153A272A4D240067E0A6 /* AVKit.framework in Frameworks */,
				6D1DF051272A2AD0002A7AE5 /* Illithid in Frameworks */,
				6D1DF054272A2B18002A7AE5 /* Maaku in Frameworks */,
				6DE05C4F25EF4A2B001C62C0 /* Kanna in Frameworks */,
				6DE05C4E25EF4A2B001C62C0 /* SDWebImageSwiftUI in Frameworks */,
				6DE05C4D25EF4A2B001C62C0 /* Illithid in Frameworks */,
				6D1DF057272A2BEA002A7AE5 /* XCDYouTubeKit in Frameworks */,
			);
			runOnlyForDeploymentPostprocessing = 0;
		};
		6D2EA5A522A7FEE40059B6EA /* Frameworks */ = {
			isa = PBXFrameworksBuildPhase;
			buildActionMask = 2147483647;
			files = (
			);
			runOnlyForDeploymentPostprocessing = 0;
		};
		6D2EA5B022A7FEE40059B6EA /* Frameworks */ = {
			isa = PBXFrameworksBuildPhase;
			buildActionMask = 2147483647;
			files = (
			);
			runOnlyForDeploymentPostprocessing = 0;
		};
/* End PBXFrameworksBuildPhase section */

/* Begin PBXGroup section */
		22F2613809E3EF141013A414 /* Preferences */ = {
			isa = PBXGroup;
			children = (
				22F26EEABF3B3BEF1EA50F15 /* NavigationSelectionPreference.swift */,
			);
			path = Preferences;
			sourceTree = "<group>";
		};
		22F2698EA9AB66A0097A3B07 /* Styles */ = {
			isa = PBXGroup;
			children = (
				22F2644E6EE7924DF1DFBFFE /* DangerButtonStyle.swift */,
			);
			path = Styles;
			sourceTree = "<group>";
		};
		6D0A1E4123839967006CDB86 /* Toolbar */ = {
			isa = PBXGroup;
			children = (
				6D0A1E44238399B9006CDB86 /* ToolbarDelegate.swift */,
			);
			path = Toolbar;
			sourceTree = "<group>";
		};
		6D0EF1EA23B2BC6E007B4CCE /* Account */ = {
			isa = PBXGroup;
			children = (
				6D0EF1EB23B2BC8C007B4CCE /* AccountView.swift */,
				6D0EF1ED23B3D89D007B4CCE /* AccountData.swift */,
			);
			path = Account;
			sourceTree = "<group>";
		};
		6D138DD623865779008E00CF /* InformationBar */ = {
			isa = PBXGroup;
			children = (
				6DF68D8623878F4B0009CA74 /* InformationBarNavigationView.swift */,
				6D138DD923865ACB008E00CF /* InformationBarData.swift */,
				6DF835CB24154A3F000FFE12 /* MultiredditEditView.swift */,
			);
			path = InformationBar;
			sourceTree = "<group>";
		};
		6D28395122D3EB8B00DD08F9 /* Search */ = {
			isa = PBXGroup;
			children = (
				6D28395222D3EBA400DD08F9 /* SearchView.swift */,
				6D28395422D3F27300DD08F9 /* SearchData.swift */,
				6DAEDDF024A1B9AA00B0FF06 /* SubredditSuggestionView.swift */,
			);
			path = Search;
			sourceTree = "<group>";
		};
		6D2B385D26A257840060EC8F /* Navigation */ = {
			isa = PBXGroup;
			children = (
				6DBB481B2575697C00C0B1E2 /* RootView.swift */,
				6D09353F25760F8C002DDBD8 /* PostGridView.swift */,
				22F266EC64C1F7BA6AE16808 /* TriplePaneLayoutView.swift */,
				22F26AD8A606180083BA1D0F /* AccountFeedsList.swift */,
				6D2B385E26A259FC0060EC8F /* IllithidPages.swift */,
				6D1BBBD826B7470D00354A45 /* NavigationStyle.swift */,
			);
			path = Navigation;
			sourceTree = "<group>";
		};
		6D2EA58722A7FEE20059B6EA = {
			isa = PBXGroup;
			children = (
				6DFB42F722CA885000272845 /* LICENSE */,
				6DFB42F522CA884500272845 /* README.md */,
				6D8CD57922B5628B00E35BA8 /* .gitignore */,
				6D2EA59222A7FEE20059B6EA /* IllithidUI */,
				6D2EA5AB22A7FEE40059B6EA /* IllithidUITests */,
				6D2EA5B622A7FEE40059B6EA /* IllithidUIUITests */,
				6D2EA59122A7FEE20059B6EA /* Products */,
				6D731BFD22A826CD0065183B /* Frameworks */,
			);
			sourceTree = "<group>";
		};
		6D2EA59122A7FEE20059B6EA /* Products */ = {
			isa = PBXGroup;
			children = (
				6D2EA59022A7FEE20059B6EA /* IllithidUI.app */,
				6D2EA5A822A7FEE40059B6EA /* IllithidUITests.xctest */,
				6D2EA5B322A7FEE40059B6EA /* IllithidUIUITests.xctest */,
			);
			name = Products;
			sourceTree = "<group>";
		};
		6D2EA59222A7FEE20059B6EA /* IllithidUI */ = {
			isa = PBXGroup;
			children = (
				6DBB481A2575697C00C0B1E2 /* AppDelegate.swift */,
				6D90CAA324E896C200A6892A /* Illithid Components */,
				6D90CAA024E893A000A6892A /* Reddit Components */,
				6D90CAA124E894B100A6892A /* View Components */,
				6DE918722418B6C000C19F5E /* Extensions */,
				6DBB486425756D5000C0B1E2 /* Protocols */,
				6DA9A2FA245E6150009444CC /* Environment Values */,
				6DDF418422AFFA110081A09D /* Utility */,
				6D2EA59A22A7FEE40059B6EA /* Assets.xcassets */,
				6D2EA5A222A7FEE40059B6EA /* Info.plist */,
				6D2EA5A322A7FEE40059B6EA /* IllithidUI.entitlements */,
				6D2EA59722A7FEE20059B6EA /* IllithidUI.xcdatamodeld */,
				6D2EA59C22A7FEE40059B6EA /* Preview Content */,
				6D848772259515AE00B2109A /* Localizable.strings */,
			);
			path = IllithidUI;
			sourceTree = "<group>";
		};
		6D2EA59C22A7FEE40059B6EA /* Preview Content */ = {
			isa = PBXGroup;
			children = (
				6D2EA59D22A7FEE40059B6EA /* Preview Assets.xcassets */,
				6DC67CF422CFE043001B85C7 /* comments.json */,
				6D3ADFB822FB81AC002DA19A /* single_post.json */,
				6D2DA08425857E2F001E31F4 /* frontpage_best.json */,
			);
			path = "Preview Content";
			sourceTree = "<group>";
		};
		6D2EA5AB22A7FEE40059B6EA /* IllithidUITests */ = {
			isa = PBXGroup;
			children = (
				6D2EA5AC22A7FEE40059B6EA /* IllithidUITests.swift */,
				6D2EA5AE22A7FEE40059B6EA /* Info.plist */,
			);
			path = IllithidUITests;
			sourceTree = "<group>";
		};
		6D2EA5B622A7FEE40059B6EA /* IllithidUIUITests */ = {
			isa = PBXGroup;
			children = (
				6D2EA5B722A7FEE40059B6EA /* IllithidUIUITests.swift */,
				6D2EA5B922A7FEE40059B6EA /* Info.plist */,
			);
			path = IllithidUIUITests;
			sourceTree = "<group>";
		};
		6D34C688241C886C00CAB469 /* NSViewRepresentables */ = {
			isa = PBXGroup;
			children = (
				6D34C689241C891500CAB469 /* WebView.swift */,
				6DB1549C246F932400D19100 /* SharingButton.swift */,
			);
			path = NSViewRepresentables;
			sourceTree = "<group>";
		};
		6D43AC43252C3003000787A3 /* Commands */ = {
			isa = PBXGroup;
			children = (
				6D43AC44252C3018000787A3 /* AboutCommands.swift */,
				6DB43B1D25806F00001D3E85 /* DebugCommands.swift */,
				22F267C48D18E622053FF2B6 /* NewItemCommands.swift */,
			);
			path = Commands;
			sourceTree = "<group>";
		};
		6D731BFD22A826CD0065183B /* Frameworks */ = {
			isa = PBXGroup;
			children = (
				6D6D1539272A4D240067E0A6 /* AVKit.framework */,
			);
			name = Frameworks;
			sourceTree = "<group>";
		};
		6D90CAA024E893A000A6892A /* Reddit Components */ = {
			isa = PBXGroup;
			children = (
				6DF5DDD122B98B2D00C41786 /* Comments */,
				6DE756B322AE15A400A1F87B /* Subreddit */,
				6DE756B422AE15AD00A1F87B /* Post */,
				6DBCFBDA2473730B00174442 /* Wiki */,
				6D0EF1EA23B2BC6E007B4CCE /* Account */,
				6D28395122D3EB8B00DD08F9 /* Search */,
			);
			path = "Reddit Components";
			sourceTree = "<group>";
		};
		6D90CAA124E894B100A6892A /* View Components */ = {
			isa = PBXGroup;
			children = (
				6DE918712418B66F00C19F5E /* Modifiers */,
				6D90CAA224E8953D00A6892A /* Common */,
				6D34C688241C886C00CAB469 /* NSViewRepresentables */,
				22F2698EA9AB66A0097A3B07 /* Styles */,
				22F2613809E3EF141013A414 /* Preferences */,
			);
			path = "View Components";
			sourceTree = "<group>";
		};
		6D90CAA224E8953D00A6892A /* Common */ = {
			isa = PBXGroup;
			children = (
				22F26CD1853E0A4512FE7A14 /* RefreshButton.swift */,
				6D340DCB243A330900058F4D /* SortController.swift */,
				6D062E4E2402F6C500A3BDD0 /* IllithidButton.swift */,
				6D581E3D240AD2EE00B84606 /* VideoPlayer.swift */,
				6DE40A5324DFD3C600AEB1D5 /* SubredditIcon.swift */,
				6D72F29924B810FC00B686D8 /* NavigationPrompt.swift */,
				6D5E61DE24C2A4B900C40154 /* PagedView.swift */,
				6D90CAA424E8995B00A6892A /* RecursiveView.swift */,
				6D651F16247DE5F500A8BC7A /* SearchBar.swift */,
				6D0A4EFC237A6D2F00626E44 /* LinkPreview.swift */,
			);
			path = Common;
			sourceTree = "<group>";
		};
		6D90CAA324E896C200A6892A /* Illithid Components */ = {
			isa = PBXGroup;
			children = (
				6D2B385D26A257840060EC8F /* Navigation */,
				6DBB486D25756D7400C0B1E2 /* Text Rendering */,
				6D43AC43252C3003000787A3 /* Commands */,
				6DCD003922B0B8A2002FBE9A /* Preferences */,
				6D138DD623865779008E00CF /* InformationBar */,
				6D0A1E4123839967006CDB86 /* Toolbar */,
			);
			path = "Illithid Components";
			sourceTree = "<group>";
		};
		6DA9A2FA245E6150009444CC /* Environment Values */ = {
			isa = PBXGroup;
			children = (
				6DBB487B25756EC100C0B1E2 /* ListType.swift */,
				6DA9A2FB245E6172009444CC /* HostingWindow.swift */,
			);
			path = "Environment Values";
			sourceTree = "<group>";
		};
		6DBB483425756A7300C0B1E2 /* Content */ = {
			isa = PBXGroup;
			children = (
				6DBB483525756A7300C0B1E2 /* Imgur.swift */,
				6DBB483625756A7300C0B1E2 /* Gfycat.swift */,
				6DBB483725756A7300C0B1E2 /* PostContent.swift */,
				6DBB483825756A7300C0B1E2 /* YouTubeView.swift */,
			);
			path = Content;
			sourceTree = "<group>";
		};
		6DBB486425756D5000C0B1E2 /* Protocols */ = {
			isa = PBXGroup;
			children = (
				6DBB486525756D5000C0B1E2 /* MediaMetadata.swift */,
				22F26E2F376D20C4FED06CC1 /* CancelableViewModel.swift */,
				6D2B386126A25BAF0060EC8F /* Iconic.swift */,
			);
			path = Protocols;
			sourceTree = "<group>";
		};
		6DBB486D25756D7400C0B1E2 /* Text Rendering */ = {
			isa = PBXGroup;
			children = (
				6DBB486E25756D7400C0B1E2 /* AttributedText.swift */,
				6DBB486F25756D7400C0B1E2 /* Markdown.swift */,
			);
			path = "Text Rendering";
			sourceTree = "<group>";
		};
		6DBCFBDA2473730B00174442 /* Wiki */ = {
			isa = PBXGroup;
			children = (
				6DBCFBDD2473737800174442 /* WikiPagesView.swift */,
				6DBCFBDF247381D600174442 /* WikiData.swift */,
			);
			path = Wiki;
			sourceTree = "<group>";
		};
		6DCD003922B0B8A2002FBE9A /* Preferences */ = {
			isa = PBXGroup;
			children = (
				6DEDE5C922B1D5FC0016EAF5 /* PreferencesView.swift */,
			);
			path = Preferences;
			sourceTree = "<group>";
		};
		6DDF418422AFFA110081A09D /* Utility */ = {
			isa = PBXGroup;
			children = (
				6DFD531B2410D4A90066E70F /* ModeratorData.swift */,
				6D1DAF6A24073BA80020A9D6 /* Browser.swift */,
				6DBE9E4D240F73DE004E7375 /* FireLogger.swift */,
				6D639D7E22B2EE4600A24E72 /* IllithidConfiguration.swift */,
				6D1780B4240C975F005D7FD6 /* UserDefault.swift */,
				6DF5DDCF22B95C1900C41786 /* WindowController.swift */,
				6DDE004122BA8006008E6AF0 /* WindowManager.swift */,
			);
			path = Utility;
			sourceTree = "<group>";
		};
		6DE756B322AE15A400A1F87B /* Subreddit */ = {
			isa = PBXGroup;
			children = (
				6DBB485125756C6D00C0B1E2 /* SubredditSidebar.swift */,
				6DD5534D22A8901700A00033 /* SubredditListView.swift */,
				6D53D9E822A94E7F0018F19D /* SubredditListData.swift */,
				6DC19CD222B06AA7002F027B /* SubredditRowView.swift */,
			);
			path = Subreddit;
			sourceTree = "<group>";
		};
		6DE756B422AE15AD00A1F87B /* Post */ = {
			isa = PBXGroup;
			children = (
				6DBB483425756A7300C0B1E2 /* Content */,
				6DE756BB22AE176E00A1F87B /* PostListView.swift */,
				6DE756B722AE16E300A1F87B /* PostListData.swift */,
				6DAA94EA24BBE663001A07E5 /* PostModalView.swift */,
				6D85952C23AD502700FC90E0 /* PostDebugView.swift */,
				6D3062372418943700D9E47B /* RedditLinkView.swift */,
				22F2669DD8A63B3417BC6376 /* MockPostList.swift */,
				22F269812B6D13E1FF3134CA /* DetailedPostView.swift */,
				22F2621DBC55C2239EE306E9 /* NewPostForm.swift */,
				6D1BBBDA26B7802F00354A45 /* PostStyle.swift */,
				6D64892526C0EB8000ACE8F0 /* PostContextMenu.swift */,
				22F265C3062A763839B52E3E /* PostRowView.swift */,
			);
			path = Post;
			sourceTree = "<group>";
		};
		6DE918712418B66F00C19F5E /* Modifiers */ = {
			isa = PBXGroup;
			children = (
				6DBB485625756CC500C0B1E2 /* MediaMetadataBar.swift */,
				6DBB485725756CC500C0B1E2 /* MediaPanel.swift */,
				6D544EE822FF40C100196C25 /* ConditionalModifier.swift */,
				6D1DAF682407100C0020A9D6 /* RoundedBorderModifier.swift */,
				6D1F97B82431905000B3E9FC /* NsfwBlur.swift */,
				22F268F37D252AE77C8C0BED /* CancelButton.swift */,
			);
			path = Modifiers;
			sourceTree = "<group>";
		};
		6DE918722418B6C000C19F5E /* Extensions */ = {
			isa = PBXGroup;
			children = (
				6DBB485D25756CEA00C0B1E2 /* EventModifiers+none.swift */,
				6DBB485E25756CEA00C0B1E2 /* URL+QueryDictionary.swift */,
				6D69371E241ED684004F5CBF /* HeightResizable.swift */,
				6D1780B6240CD47B005D7FD6 /* NSImageNames.swift */,
				6D0A4EF9237A5CC700626E44 /* EraseToAnyView.swift */,
				6DA7C41D24BD5E5A00C3DFB6 /* Int+postAbbreviation.swift */,
				6D18CD662419DA1F00E4BAC1 /* LinkConfiguration.swift */,
				6D4E68332431267900529CA7 /* PinchAndZoom.swift */,
				6D2FB7A3243E4C3B008CE0EB /* MediaStamp.swift */,
				6DE4DD9C2443A92D00CB57B1 /* OpenInNewTab.swift */,
				6D63953E2468A53300169C1D /* Post+Comment+DateFormatter.swift */,
				6DAEDDEE24A1B45D00B0FF06 /* Array+Cancel.swift */,
				6D9AC82F24AD506B0076686B /* View+LoadingScreen.swift */,
				6D43AC3E252C2F73000787A3 /* AboutPanelOptionKey+Copyright.swift */,
				22F26B39571F266EC669C129 /* ValidationFailure+StringInterpolation.swift */,
				6D2B386326A25C7A0060EC8F /* IconicTypes.swift */,
				22F262A2F4F215322B6061D8 /* NSImage+Resized.swift */,
				22F26BFE836405602FDB6EF1 /* Logger+OAuthLogProtocol.swift */,
			);
			path = Extensions;
			sourceTree = "<group>";
		};
		6DF5DDD122B98B2D00C41786 /* Comments */ = {
			isa = PBXGroup;
			children = (
				6DDE004322BA80EA008E6AF0 /* CommentsView.swift */,
				6D16DBCC22BD5D3F00FB891B /* CommentData.swift */,
				6D558A0B22FF79080092AA88 /* CommentRowView.swift */,
				22F26B803F19109572D1A7D9 /* NewCommentForm.swift */,
			);
			path = Comments;
			sourceTree = "<group>";
		};
/* End PBXGroup section */

/* Begin PBXNativeTarget section */
		6D2EA58F22A7FEE20059B6EA /* IllithidUI */ = {
			isa = PBXNativeTarget;
			buildConfigurationList = 6D2EA5BC22A7FEE40059B6EA /* Build configuration list for PBXNativeTarget "IllithidUI" */;
			buildPhases = (
				6D2EA58C22A7FEE20059B6EA /* Sources */,
				6D2EA58D22A7FEE20059B6EA /* Frameworks */,
				6D2EA58E22A7FEE20059B6EA /* Resources */,
			);
			buildRules = (
			);
			dependencies = (
			);
			name = IllithidUI;
			packageProductDependencies = (
				6D731BFE22A826CD0065183B /* Illithid */,
				6D99083C23E3D8D500E8686A /* SDWebImageSwiftUI */,
				6D6D420F2437C14E002D4413 /* Kanna */,
				6D1DF050272A2AD0002A7AE5 /* Illithid */,
				6D1DF053272A2B18002A7AE5 /* Maaku */,
				6D1DF056272A2BEA002A7AE5 /* XCDYouTubeKit */,
			);
			productName = IllithidUI;
			productReference = 6D2EA59022A7FEE20059B6EA /* IllithidUI.app */;
			productType = "com.apple.product-type.application";
		};
		6D2EA5A722A7FEE40059B6EA /* IllithidUITests */ = {
			isa = PBXNativeTarget;
			buildConfigurationList = 6D2EA5BF22A7FEE40059B6EA /* Build configuration list for PBXNativeTarget "IllithidUITests" */;
			buildPhases = (
				6D2EA5A422A7FEE40059B6EA /* Sources */,
				6D2EA5A522A7FEE40059B6EA /* Frameworks */,
				6D2EA5A622A7FEE40059B6EA /* Resources */,
			);
			buildRules = (
			);
			dependencies = (
				6D2EA5AA22A7FEE40059B6EA /* PBXTargetDependency */,
			);
			name = IllithidUITests;
			productName = IllithidUITests;
			productReference = 6D2EA5A822A7FEE40059B6EA /* IllithidUITests.xctest */;
			productType = "com.apple.product-type.bundle.unit-test";
		};
		6D2EA5B222A7FEE40059B6EA /* IllithidUIUITests */ = {
			isa = PBXNativeTarget;
			buildConfigurationList = 6D2EA5C222A7FEE40059B6EA /* Build configuration list for PBXNativeTarget "IllithidUIUITests" */;
			buildPhases = (
				6D2EA5AF22A7FEE40059B6EA /* Sources */,
				6D2EA5B022A7FEE40059B6EA /* Frameworks */,
				6D2EA5B122A7FEE40059B6EA /* Resources */,
			);
			buildRules = (
			);
			dependencies = (
				6D2EA5B522A7FEE40059B6EA /* PBXTargetDependency */,
			);
			name = IllithidUIUITests;
			productName = IllithidUIUITests;
			productReference = 6D2EA5B322A7FEE40059B6EA /* IllithidUIUITests.xctest */;
			productType = "com.apple.product-type.bundle.ui-testing";
		};
/* End PBXNativeTarget section */

/* Begin PBXProject section */
		6D2EA58822A7FEE20059B6EA /* Project object */ = {
			isa = PBXProject;
			attributes = {
				LastSwiftUpdateCheck = 1100;
				LastUpgradeCheck = 1220;
				ORGANIZATIONNAME = "Tyler Gregory";
				TargetAttributes = {
					6D2EA58F22A7FEE20059B6EA = {
						CreatedOnToolsVersion = 11.0;
					};
					6D2EA5A722A7FEE40059B6EA = {
						CreatedOnToolsVersion = 11.0;
						TestTargetID = 6D2EA58F22A7FEE20059B6EA;
					};
					6D2EA5B222A7FEE40059B6EA = {
						CreatedOnToolsVersion = 11.0;
						TestTargetID = 6D2EA58F22A7FEE20059B6EA;
					};
				};
			};
			buildConfigurationList = 6D2EA58B22A7FEE20059B6EA /* Build configuration list for PBXProject "IllithidUI" */;
			compatibilityVersion = "Xcode 11.0";
			developmentRegion = en;
			hasScannedForEncodings = 0;
			knownRegions = (
				en,
				Base,
				ru,
			);
			mainGroup = 6D2EA58722A7FEE20059B6EA;
			packageReferences = (
				6D99083B23E3D8D500E8686A /* XCRemoteSwiftPackageReference "SDWebImageSwiftUI" */,
				6D6D420E2437C14E002D4413 /* XCRemoteSwiftPackageReference "Kanna" */,
				6D1DF04F272A2AD0002A7AE5 /* XCRemoteSwiftPackageReference "Illithid.git" */,
				6D1DF052272A2B18002A7AE5 /* XCRemoteSwiftPackageReference "Maaku.git" */,
				6D1DF055272A2BEA002A7AE5 /* XCRemoteSwiftPackageReference "XCDYouTubeKit.git" */,
			);
			productRefGroup = 6D2EA59122A7FEE20059B6EA /* Products */;
			projectDirPath = "";
			projectRoot = "";
			targets = (
				6D2EA58F22A7FEE20059B6EA /* IllithidUI */,
				6D2EA5A722A7FEE40059B6EA /* IllithidUITests */,
				6D2EA5B222A7FEE40059B6EA /* IllithidUIUITests */,
			);
		};
/* End PBXProject section */

/* Begin PBXResourcesBuildPhase section */
		6D2EA58E22A7FEE20059B6EA /* Resources */ = {
			isa = PBXResourcesBuildPhase;
			buildActionMask = 2147483647;
			files = (
				6D2DA08525857E2F001E31F4 /* frontpage_best.json in Resources */,
				6D2EA59E22A7FEE40059B6EA /* Preview Assets.xcassets in Resources */,
				6DFB42F622CA884500272845 /* README.md in Resources */,
				6D2EA59B22A7FEE40059B6EA /* Assets.xcassets in Resources */,
				6DFB42F822CA885000272845 /* LICENSE in Resources */,
				6D3ADFB922FB81AC002DA19A /* single_post.json in Resources */,
				6DC67CF522CFE043001B85C7 /* comments.json in Resources */,
				6D84876E259515AE00B2109A /* Localizable.strings in Resources */,
			);
			runOnlyForDeploymentPostprocessing = 0;
		};
		6D2EA5A622A7FEE40059B6EA /* Resources */ = {
			isa = PBXResourcesBuildPhase;
			buildActionMask = 2147483647;
			files = (
				6D84876F259515AE00B2109A /* Localizable.strings in Resources */,
			);
			runOnlyForDeploymentPostprocessing = 0;
		};
		6D2EA5B122A7FEE40059B6EA /* Resources */ = {
			isa = PBXResourcesBuildPhase;
			buildActionMask = 2147483647;
			files = (
				6D848770259515AE00B2109A /* Localizable.strings in Resources */,
			);
			runOnlyForDeploymentPostprocessing = 0;
		};
/* End PBXResourcesBuildPhase section */

/* Begin PBXSourcesBuildPhase section */
		6D2EA58C22A7FEE20059B6EA /* Sources */ = {
			isa = PBXSourcesBuildPhase;
			buildActionMask = 2147483647;
			files = (
				6D1780B5240C975F005D7FD6 /* UserDefault.swift in Sources */,
				6DFD531C2410D4A90066E70F /* ModeratorData.swift in Sources */,
				6D2EA59922A7FEE20059B6EA /* IllithidUI.xcdatamodeld in Sources */,
				6DF835CC24154A3F000FFE12 /* MultiredditEditView.swift in Sources */,
				6D0A4EFD237A6D2F00626E44 /* LinkPreview.swift in Sources */,
				6D2B386426A25C7A0060EC8F /* IconicTypes.swift in Sources */,
				6D18CD672419DA1F00E4BAC1 /* LinkConfiguration.swift in Sources */,
				6D4E68342431267900529CA7 /* PinchAndZoom.swift in Sources */,
				6D53D9E922A94E7F0018F19D /* SubredditListData.swift in Sources */,
				6D0A1E45238399B9006CDB86 /* ToolbarDelegate.swift in Sources */,
				6DBB481D2575697C00C0B1E2 /* RootView.swift in Sources */,
				6DA7C41E24BD5E5A00C3DFB6 /* Int+postAbbreviation.swift in Sources */,
				6D16DBCD22BD5D3F00FB891B /* CommentData.swift in Sources */,
				6D581E3E240AD2EE00B84606 /* VideoPlayer.swift in Sources */,
				6DBB485825756CC500C0B1E2 /* MediaMetadataBar.swift in Sources */,
				6DB43B1E25806F00001D3E85 /* DebugCommands.swift in Sources */,
				6D1DAF6B24073BA80020A9D6 /* Browser.swift in Sources */,
				6D72F29A24B810FC00B686D8 /* NavigationPrompt.swift in Sources */,
				6D43AC45252C3018000787A3 /* AboutCommands.swift in Sources */,
				6DBB487025756D7400C0B1E2 /* AttributedText.swift in Sources */,
				6DBB483A25756A7300C0B1E2 /* Gfycat.swift in Sources */,
				6DBB487C25756EC100C0B1E2 /* ListType.swift in Sources */,
				6D639D7F22B2EE4600A24E72 /* IllithidConfiguration.swift in Sources */,
				6D340DCC243A330900058F4D /* SortController.swift in Sources */,
				6DB1549D246F932400D19100 /* SharingButton.swift in Sources */,
				6D062E4F2402F6C500A3BDD0 /* IllithidButton.swift in Sources */,
				6D69371F241ED684004F5CBF /* HeightResizable.swift in Sources */,
				6DBB483B25756A7300C0B1E2 /* PostContent.swift in Sources */,
				6D85952D23AD502700FC90E0 /* PostDebugView.swift in Sources */,
				6DF68D8723878F4B0009CA74 /* InformationBarNavigationView.swift in Sources */,
				6DBB487125756D7400C0B1E2 /* Markdown.swift in Sources */,
				6DBE9E4E240F73DE004E7375 /* FireLogger.swift in Sources */,
				6DAA94EB24BBE663001A07E5 /* PostModalView.swift in Sources */,
				6D09354025760F8C002DDBD8 /* PostGridView.swift in Sources */,
				6DBB483C25756A7300C0B1E2 /* YouTubeView.swift in Sources */,
				6DE756B822AE16E300A1F87B /* PostListData.swift in Sources */,
				6DBCFBE0247381D600174442 /* WikiData.swift in Sources */,
				6D1BBBDB26B7802F00354A45 /* PostStyle.swift in Sources */,
				6D544EE922FF40C100196C25 /* ConditionalModifier.swift in Sources */,
				6DAEDDF124A1B9AA00B0FF06 /* SubredditSuggestionView.swift in Sources */,
				6D0EF1EE23B3D89D007B4CCE /* AccountData.swift in Sources */,
				6D28395522D3F27300DD08F9 /* SearchData.swift in Sources */,
				6DDE004422BA80EA008E6AF0 /* CommentsView.swift in Sources */,
				6D34C68A241C891500CAB469 /* WebView.swift in Sources */,
				6DE4DD9D2443A92D00CB57B1 /* OpenInNewTab.swift in Sources */,
				6D558A0C22FF79080092AA88 /* CommentRowView.swift in Sources */,
				6D1780B7240CD47B005D7FD6 /* NSImageNames.swift in Sources */,
				6DA9A2FC245E6172009444CC /* HostingWindow.swift in Sources */,
				6D1BBBD926B7470D00354A45 /* NavigationStyle.swift in Sources */,
				6DBB483925756A7300C0B1E2 /* Imgur.swift in Sources */,
				6D43AC3F252C2F73000787A3 /* AboutPanelOptionKey+Copyright.swift in Sources */,
				6DBB481C2575697C00C0B1E2 /* AppDelegate.swift in Sources */,
				6DF5DDD022B95C1900C41786 /* WindowController.swift in Sources */,
				6DAEDDEF24A1B45D00B0FF06 /* Array+Cancel.swift in Sources */,
				6D138DDA23865ACB008E00CF /* InformationBarData.swift in Sources */,
				6D1DAF692407100C0020A9D6 /* RoundedBorderModifier.swift in Sources */,
				6DE40A5424DFD3C600AEB1D5 /* SubredditIcon.swift in Sources */,
				6DC19CD322B06AA7002F027B /* SubredditRowView.swift in Sources */,
				6DBB486625756D5000C0B1E2 /* MediaMetadata.swift in Sources */,
				6D5E61DF24C2A4B900C40154 /* PagedView.swift in Sources */,
				6DE756BC22AE176E00A1F87B /* PostListView.swift in Sources */,
				6DBB485925756CC500C0B1E2 /* MediaPanel.swift in Sources */,
				6D9AC83024AD506B0076686B /* View+LoadingScreen.swift in Sources */,
				6D0A4EFA237A5CC700626E44 /* EraseToAnyView.swift in Sources */,
				6D651F17247DE5F500A8BC7A /* SearchBar.swift in Sources */,
				6D0EF1EC23B2BC8C007B4CCE /* AccountView.swift in Sources */,
				6DBB486025756CEA00C0B1E2 /* URL+QueryDictionary.swift in Sources */,
				6D28395322D3EBA400DD08F9 /* SearchView.swift in Sources */,
				6D90CAA524E8995B00A6892A /* RecursiveView.swift in Sources */,
				6DD5534E22A8901700A00033 /* SubredditListView.swift in Sources */,
				6D2B385F26A259FC0060EC8F /* IllithidPages.swift in Sources */,
				6DBCFBDE2473737800174442 /* WikiPagesView.swift in Sources */,
				6D3062382418943700D9E47B /* RedditLinkView.swift in Sources */,
				6DBB485225756C6D00C0B1E2 /* SubredditSidebar.swift in Sources */,
				6D63953F2468A53300169C1D /* Post+Comment+DateFormatter.swift in Sources */,
				6DBB485F25756CEA00C0B1E2 /* EventModifiers+none.swift in Sources */,
				6D2B386226A25BAF0060EC8F /* Iconic.swift in Sources */,
				6D1F97B92431905000B3E9FC /* NsfwBlur.swift in Sources */,
				6DDE004222BA8006008E6AF0 /* WindowManager.swift in Sources */,
				6D64892626C0EB8000ACE8F0 /* PostContextMenu.swift in Sources */,
				6DEDE5CA22B1D5FC0016EAF5 /* PreferencesView.swift in Sources */,
				6D2FB7A4243E4C3B008CE0EB /* MediaStamp.swift in Sources */,
				22F261767DF5E5743C0FF008 /* MockPostList.swift in Sources */,
				22F2606C5E792313E05C9DFA /* DangerButtonStyle.swift in Sources */,
				22F26CE109E74B66983D463D /* DetailedPostView.swift in Sources */,
				22F2678DF245D6A0F20537DD /* NewCommentForm.swift in Sources */,
				22F26E16A3958DE94C69BBB2 /* NavigationSelectionPreference.swift in Sources */,
				22F26E7175C9DD49FD727B51 /* NewItemCommands.swift in Sources */,
				22F2625FF1F9BDED7C8FEED7 /* NewPostForm.swift in Sources */,
				22F268F9F8F79CE3710C2C0A /* CancelButton.swift in Sources */,
				22F26BB9D7C55FF427614FDA /* ValidationFailure+StringInterpolation.swift in Sources */,
				22F26624614608068C45F953 /* CancelableViewModel.swift in Sources */,
				22F263861FF90296F0604872 /* RefreshButton.swift in Sources */,
				22F26087A50C957DC4402988 /* TriplePaneLayoutView.swift in Sources */,
				22F26E78FDFFC86D51316229 /* AccountFeedsList.swift in Sources */,
				22F26C2F871E5CF8F6A119CA /* NSImage+Resized.swift in Sources */,
				22F265EA68A5D4C7B37FFC9F /* Logger+OAuthLogProtocol.swift in Sources */,
				22F261A5584C1B6126A51076 /* PostRowView.swift in Sources */,
			);
			runOnlyForDeploymentPostprocessing = 0;
		};
		6D2EA5A422A7FEE40059B6EA /* Sources */ = {
			isa = PBXSourcesBuildPhase;
			buildActionMask = 2147483647;
			files = (
				6D53D9EA22A94E7F0018F19D /* SubredditListData.swift in Sources */,
				6D2EA5AD22A7FEE40059B6EA /* IllithidUITests.swift in Sources */,
				22F2629F7991F10CC55F8646 /* DetailedPostView.swift in Sources */,
				22F260D137F4CD83C3670DFE /* NewCommentForm.swift in Sources */,
				22F262273352EB2F20171DD1 /* NewItemCommands.swift in Sources */,
				22F265E2BD3F93E5D3CEFF02 /* NewPostForm.swift in Sources */,
				22F269875AEF821E307E65DA /* NSImage+Resized.swift in Sources */,
				22F262E9F459B9282DE815CB /* Logger+OAuthLogProtocol.swift in Sources */,
			);
			runOnlyForDeploymentPostprocessing = 0;
		};
		6D2EA5AF22A7FEE40059B6EA /* Sources */ = {
			isa = PBXSourcesBuildPhase;
			buildActionMask = 2147483647;
			files = (
				6D2EA5B822A7FEE40059B6EA /* IllithidUIUITests.swift in Sources */,
				22F269865D654267FB61F813 /* DetailedPostView.swift in Sources */,
				22F2659410C2DF0CE2F524E8 /* NewCommentForm.swift in Sources */,
				22F268562543BDD565D4692F /* NewItemCommands.swift in Sources */,
				22F26C0ED4D2B60F8DA3AEFF /* NewPostForm.swift in Sources */,
				22F261BD7DAF35FFFF69A32A /* AccountFeedsList.swift in Sources */,
				22F26B35ECD9A649A208545C /* NSImage+Resized.swift in Sources */,
				22F262305E4B4890A14EBF32 /* Logger+OAuthLogProtocol.swift in Sources */,
			);
			runOnlyForDeploymentPostprocessing = 0;
		};
/* End PBXSourcesBuildPhase section */

/* Begin PBXTargetDependency section */
		6D2EA5AA22A7FEE40059B6EA /* PBXTargetDependency */ = {
			isa = PBXTargetDependency;
			target = 6D2EA58F22A7FEE20059B6EA /* IllithidUI */;
			targetProxy = 6D2EA5A922A7FEE40059B6EA /* PBXContainerItemProxy */;
		};
		6D2EA5B522A7FEE40059B6EA /* PBXTargetDependency */ = {
			isa = PBXTargetDependency;
			target = 6D2EA58F22A7FEE20059B6EA /* IllithidUI */;
			targetProxy = 6D2EA5B422A7FEE40059B6EA /* PBXContainerItemProxy */;
		};
/* End PBXTargetDependency section */

/* Begin PBXVariantGroup section */
		6D848772259515AE00B2109A /* Localizable.strings */ = {
			isa = PBXVariantGroup;
			children = (
				6D848771259515AE00B2109A /* en */,
				6D848776259515FD00B2109A /* ru */,
			);
			name = Localizable.strings;
			sourceTree = "<group>";
		};
/* End PBXVariantGroup section */

/* Begin XCBuildConfiguration section */
		6D2EA5BA22A7FEE40059B6EA /* Debug */ = {
			isa = XCBuildConfiguration;
			buildSettings = {
				ALWAYS_SEARCH_USER_PATHS = NO;
				ASSETCATALOG_COMPILER_GLOBAL_ACCENT_COLOR_NAME = AccentColor;
				CLANG_ANALYZER_LOCALIZABILITY_NONLOCALIZED = YES;
				CLANG_ANALYZER_NONNULL = YES;
				CLANG_ANALYZER_NUMBER_OBJECT_CONVERSION = YES_AGGRESSIVE;
				CLANG_CXX_LANGUAGE_STANDARD = "gnu++14";
				CLANG_CXX_LIBRARY = "libc++";
				CLANG_ENABLE_MODULES = YES;
				CLANG_ENABLE_OBJC_ARC = YES;
				CLANG_ENABLE_OBJC_WEAK = YES;
				CLANG_WARN_BLOCK_CAPTURE_AUTORELEASING = YES;
				CLANG_WARN_BOOL_CONVERSION = YES;
				CLANG_WARN_COMMA = YES;
				CLANG_WARN_CONSTANT_CONVERSION = YES;
				CLANG_WARN_DEPRECATED_OBJC_IMPLEMENTATIONS = YES;
				CLANG_WARN_DIRECT_OBJC_ISA_USAGE = YES_ERROR;
				CLANG_WARN_DOCUMENTATION_COMMENTS = YES;
				CLANG_WARN_EMPTY_BODY = YES;
				CLANG_WARN_ENUM_CONVERSION = YES;
				CLANG_WARN_INFINITE_RECURSION = YES;
				CLANG_WARN_INT_CONVERSION = YES;
				CLANG_WARN_NON_LITERAL_NULL_CONVERSION = YES;
				CLANG_WARN_OBJC_IMPLICIT_RETAIN_SELF = YES;
				CLANG_WARN_OBJC_LITERAL_CONVERSION = YES;
				CLANG_WARN_OBJC_ROOT_CLASS = YES_ERROR;
				CLANG_WARN_QUOTED_INCLUDE_IN_FRAMEWORK_HEADER = YES;
				CLANG_WARN_RANGE_LOOP_ANALYSIS = YES;
				CLANG_WARN_STRICT_PROTOTYPES = YES;
				CLANG_WARN_SUSPICIOUS_MOVE = YES;
				CLANG_WARN_UNGUARDED_AVAILABILITY = YES_AGGRESSIVE;
				CLANG_WARN_UNREACHABLE_CODE = YES;
				CLANG_WARN__DUPLICATE_METHOD_MATCH = YES;
				COPY_PHASE_STRIP = NO;
				DEBUG_INFORMATION_FORMAT = dwarf;
				ENABLE_STRICT_OBJC_MSGSEND = YES;
				ENABLE_TESTABILITY = YES;
				GCC_C_LANGUAGE_STANDARD = gnu11;
				GCC_DYNAMIC_NO_PIC = NO;
				GCC_NO_COMMON_BLOCKS = YES;
				GCC_OPTIMIZATION_LEVEL = 0;
				GCC_PREPROCESSOR_DEFINITIONS = (
					"DEBUG=1",
					"$(inherited)",
				);
				GCC_WARN_64_TO_32_BIT_CONVERSION = YES;
				GCC_WARN_ABOUT_RETURN_TYPE = YES_ERROR;
				GCC_WARN_UNDECLARED_SELECTOR = YES;
				GCC_WARN_UNINITIALIZED_AUTOS = YES_AGGRESSIVE;
				GCC_WARN_UNUSED_FUNCTION = YES;
				GCC_WARN_UNUSED_VARIABLE = YES;
				LLVM_LTO = YES;
				MACOSX_DEPLOYMENT_TARGET = 11.0;
				MTL_ENABLE_DEBUG_INFO = INCLUDE_SOURCE;
				MTL_FAST_MATH = YES;
				ONLY_ACTIVE_ARCH = YES;
				PRODUCT_NAME = Illithid;
				SDKROOT = macosx;
				SWIFT_ACTIVE_COMPILATION_CONDITIONS = DEBUG;
				SWIFT_OPTIMIZATION_LEVEL = "-Onone";
				SWIFT_VERSION = 5.0;
			};
			name = Debug;
		};
		6D2EA5BB22A7FEE40059B6EA /* Release */ = {
			isa = XCBuildConfiguration;
			buildSettings = {
				ALWAYS_SEARCH_USER_PATHS = NO;
				ASSETCATALOG_COMPILER_GLOBAL_ACCENT_COLOR_NAME = AccentColor;
				CLANG_ANALYZER_LOCALIZABILITY_NONLOCALIZED = YES;
				CLANG_ANALYZER_NONNULL = YES;
				CLANG_ANALYZER_NUMBER_OBJECT_CONVERSION = YES_AGGRESSIVE;
				CLANG_CXX_LANGUAGE_STANDARD = "gnu++14";
				CLANG_CXX_LIBRARY = "libc++";
				CLANG_ENABLE_MODULES = YES;
				CLANG_ENABLE_OBJC_ARC = YES;
				CLANG_ENABLE_OBJC_WEAK = YES;
				CLANG_WARN_BLOCK_CAPTURE_AUTORELEASING = YES;
				CLANG_WARN_BOOL_CONVERSION = YES;
				CLANG_WARN_COMMA = YES;
				CLANG_WARN_CONSTANT_CONVERSION = YES;
				CLANG_WARN_DEPRECATED_OBJC_IMPLEMENTATIONS = YES;
				CLANG_WARN_DIRECT_OBJC_ISA_USAGE = YES_ERROR;
				CLANG_WARN_DOCUMENTATION_COMMENTS = YES;
				CLANG_WARN_EMPTY_BODY = YES;
				CLANG_WARN_ENUM_CONVERSION = YES;
				CLANG_WARN_INFINITE_RECURSION = YES;
				CLANG_WARN_INT_CONVERSION = YES;
				CLANG_WARN_NON_LITERAL_NULL_CONVERSION = YES;
				CLANG_WARN_OBJC_IMPLICIT_RETAIN_SELF = YES;
				CLANG_WARN_OBJC_LITERAL_CONVERSION = YES;
				CLANG_WARN_OBJC_ROOT_CLASS = YES_ERROR;
				CLANG_WARN_QUOTED_INCLUDE_IN_FRAMEWORK_HEADER = YES;
				CLANG_WARN_RANGE_LOOP_ANALYSIS = YES;
				CLANG_WARN_STRICT_PROTOTYPES = YES;
				CLANG_WARN_SUSPICIOUS_MOVE = YES;
				CLANG_WARN_UNGUARDED_AVAILABILITY = YES_AGGRESSIVE;
				CLANG_WARN_UNREACHABLE_CODE = YES;
				CLANG_WARN__DUPLICATE_METHOD_MATCH = YES;
				COPY_PHASE_STRIP = NO;
				DEBUG_INFORMATION_FORMAT = "dwarf-with-dsym";
				ENABLE_NS_ASSERTIONS = NO;
				ENABLE_STRICT_OBJC_MSGSEND = YES;
				GCC_C_LANGUAGE_STANDARD = gnu11;
				GCC_NO_COMMON_BLOCKS = YES;
				GCC_WARN_64_TO_32_BIT_CONVERSION = YES;
				GCC_WARN_ABOUT_RETURN_TYPE = YES_ERROR;
				GCC_WARN_UNDECLARED_SELECTOR = YES;
				GCC_WARN_UNINITIALIZED_AUTOS = YES_AGGRESSIVE;
				GCC_WARN_UNUSED_FUNCTION = YES;
				GCC_WARN_UNUSED_VARIABLE = YES;
				LLVM_LTO = YES;
				MACOSX_DEPLOYMENT_TARGET = 11.0;
				MTL_ENABLE_DEBUG_INFO = NO;
				MTL_FAST_MATH = YES;
				PRODUCT_NAME = Illithid;
				SDKROOT = macosx;
				SWIFT_COMPILATION_MODE = wholemodule;
				SWIFT_OPTIMIZATION_LEVEL = "-O";
				SWIFT_VERSION = 5.0;
			};
			name = Release;
		};
		6D2EA5BD22A7FEE40059B6EA /* Debug */ = {
			isa = XCBuildConfiguration;
			buildSettings = {
				ASSETCATALOG_COMPILER_APPICON_NAME = AppIcon;
				CODE_SIGN_ENTITLEMENTS = IllithidUI/IllithidUI.entitlements;
				CODE_SIGN_IDENTITY = "Apple Development";
				CODE_SIGN_STYLE = Automatic;
				COMBINE_HIDPI_IMAGES = YES;
				DEVELOPMENT_ASSET_PATHS = "IllithidUI/Preview\\ Content";
				DEVELOPMENT_TEAM = 5799SHLZ3R;
				ENABLE_HARDENED_RUNTIME = YES;
				ENABLE_PREVIEWS = YES;
				INFOPLIST_FILE = IllithidUI/Info.plist;
				LD_RUNPATH_SEARCH_PATHS = (
					"$(inherited)",
					"@executable_path/../Frameworks",
				);
				MACOSX_DEPLOYMENT_TARGET = 12.0;
				MARKETING_VERSION = 0.0.1;
				PRODUCT_BUNDLE_IDENTIFIER = com.flayware.IllithidUI;
				PRODUCT_NAME = "$(TARGET_NAME)";
				SWIFT_VERSION = 5.0;
			};
			name = Debug;
		};
		6D2EA5BE22A7FEE40059B6EA /* Release */ = {
			isa = XCBuildConfiguration;
			buildSettings = {
				ASSETCATALOG_COMPILER_APPICON_NAME = AppIcon;
				CODE_SIGN_ENTITLEMENTS = IllithidUI/IllithidUI.entitlements;
				CODE_SIGN_IDENTITY = "Apple Development";
				CODE_SIGN_STYLE = Automatic;
				COMBINE_HIDPI_IMAGES = YES;
				DEVELOPMENT_ASSET_PATHS = "IllithidUI/Preview\\ Content";
				DEVELOPMENT_TEAM = 5799SHLZ3R;
				ENABLE_HARDENED_RUNTIME = YES;
				ENABLE_PREVIEWS = YES;
				INFOPLIST_FILE = IllithidUI/Info.plist;
				LD_RUNPATH_SEARCH_PATHS = (
					"$(inherited)",
					"@executable_path/../Frameworks",
				);
				LLVM_LTO = YES;
				MACOSX_DEPLOYMENT_TARGET = 12.0;
				MARKETING_VERSION = 0.0.1;
				PRODUCT_BUNDLE_IDENTIFIER = com.flayware.IllithidUI;
				PRODUCT_NAME = "$(TARGET_NAME)";
				SWIFT_VERSION = 5.0;
			};
			name = Release;
		};
		6D2EA5C022A7FEE40059B6EA /* Debug */ = {
			isa = XCBuildConfiguration;
			buildSettings = {
				ALWAYS_EMBED_SWIFT_STANDARD_LIBRARIES = YES;
				BUNDLE_LOADER = "$(TEST_HOST)";
				CODE_SIGN_STYLE = Automatic;
				COMBINE_HIDPI_IMAGES = YES;
				DEVELOPMENT_TEAM = 3JBD9EVSBM;
				INFOPLIST_FILE = IllithidUITests/Info.plist;
				LD_RUNPATH_SEARCH_PATHS = (
					"$(inherited)",
					"@executable_path/../Frameworks",
					"@loader_path/../Frameworks",
				);
				PRODUCT_BUNDLE_IDENTIFIER = com.illithid.IllithidUITests;
				PRODUCT_NAME = "$(TARGET_NAME)";
				SWIFT_VERSION = 5.0;
				TEST_HOST = "$(BUILT_PRODUCTS_DIR)/IllithidUI.app/Contents/MacOS/IllithidUI";
			};
			name = Debug;
		};
		6D2EA5C122A7FEE40059B6EA /* Release */ = {
			isa = XCBuildConfiguration;
			buildSettings = {
				ALWAYS_EMBED_SWIFT_STANDARD_LIBRARIES = YES;
				BUNDLE_LOADER = "$(TEST_HOST)";
				CODE_SIGN_STYLE = Automatic;
				COMBINE_HIDPI_IMAGES = YES;
				DEVELOPMENT_TEAM = 3JBD9EVSBM;
				INFOPLIST_FILE = IllithidUITests/Info.plist;
				LD_RUNPATH_SEARCH_PATHS = (
					"$(inherited)",
					"@executable_path/../Frameworks",
					"@loader_path/../Frameworks",
				);
				PRODUCT_BUNDLE_IDENTIFIER = com.illithid.IllithidUITests;
				PRODUCT_NAME = "$(TARGET_NAME)";
				SWIFT_VERSION = 5.0;
				TEST_HOST = "$(BUILT_PRODUCTS_DIR)/IllithidUI.app/Contents/MacOS/IllithidUI";
			};
			name = Release;
		};
		6D2EA5C322A7FEE40059B6EA /* Debug */ = {
			isa = XCBuildConfiguration;
			buildSettings = {
				ALWAYS_EMBED_SWIFT_STANDARD_LIBRARIES = YES;
				CODE_SIGN_STYLE = Automatic;
				COMBINE_HIDPI_IMAGES = YES;
				DEVELOPMENT_TEAM = 3JBD9EVSBM;
				INFOPLIST_FILE = IllithidUIUITests/Info.plist;
				LD_RUNPATH_SEARCH_PATHS = (
					"$(inherited)",
					"@executable_path/../Frameworks",
					"@loader_path/../Frameworks",
				);
				PRODUCT_BUNDLE_IDENTIFIER = com.illithid.IllithidUIUITests;
				PRODUCT_NAME = "$(TARGET_NAME)";
				SWIFT_VERSION = 5.0;
				TEST_TARGET_NAME = IllithidUI;
			};
			name = Debug;
		};
		6D2EA5C422A7FEE40059B6EA /* Release */ = {
			isa = XCBuildConfiguration;
			buildSettings = {
				ALWAYS_EMBED_SWIFT_STANDARD_LIBRARIES = YES;
				CODE_SIGN_STYLE = Automatic;
				COMBINE_HIDPI_IMAGES = YES;
				DEVELOPMENT_TEAM = 3JBD9EVSBM;
				INFOPLIST_FILE = IllithidUIUITests/Info.plist;
				LD_RUNPATH_SEARCH_PATHS = (
					"$(inherited)",
					"@executable_path/../Frameworks",
					"@loader_path/../Frameworks",
				);
				PRODUCT_BUNDLE_IDENTIFIER = com.illithid.IllithidUIUITests;
				PRODUCT_NAME = "$(TARGET_NAME)";
				SWIFT_VERSION = 5.0;
				TEST_TARGET_NAME = IllithidUI;
			};
			name = Release;
		};
/* End XCBuildConfiguration section */

/* Begin XCConfigurationList section */
		6D2EA58B22A7FEE20059B6EA /* Build configuration list for PBXProject "IllithidUI" */ = {
			isa = XCConfigurationList;
			buildConfigurations = (
				6D2EA5BA22A7FEE40059B6EA /* Debug */,
				6D2EA5BB22A7FEE40059B6EA /* Release */,
			);
			defaultConfigurationIsVisible = 0;
			defaultConfigurationName = Release;
		};
		6D2EA5BC22A7FEE40059B6EA /* Build configuration list for PBXNativeTarget "IllithidUI" */ = {
			isa = XCConfigurationList;
			buildConfigurations = (
				6D2EA5BD22A7FEE40059B6EA /* Debug */,
				6D2EA5BE22A7FEE40059B6EA /* Release */,
			);
			defaultConfigurationIsVisible = 0;
			defaultConfigurationName = Release;
		};
		6D2EA5BF22A7FEE40059B6EA /* Build configuration list for PBXNativeTarget "IllithidUITests" */ = {
			isa = XCConfigurationList;
			buildConfigurations = (
				6D2EA5C022A7FEE40059B6EA /* Debug */,
				6D2EA5C122A7FEE40059B6EA /* Release */,
			);
			defaultConfigurationIsVisible = 0;
			defaultConfigurationName = Release;
		};
		6D2EA5C222A7FEE40059B6EA /* Build configuration list for PBXNativeTarget "IllithidUIUITests" */ = {
			isa = XCConfigurationList;
			buildConfigurations = (
				6D2EA5C322A7FEE40059B6EA /* Debug */,
				6D2EA5C422A7FEE40059B6EA /* Release */,
			);
			defaultConfigurationIsVisible = 0;
			defaultConfigurationName = Release;
		};
/* End XCConfigurationList section */

/* Begin XCRemoteSwiftPackageReference section */
		6D1DF04F272A2AD0002A7AE5 /* XCRemoteSwiftPackageReference "Illithid.git" */ = {
			isa = XCRemoteSwiftPackageReference;
			repositoryURL = "https://github.com/01100010011001010110010101110000/Illithid.git";
			requirement = {
				branch = master;
				kind = branch;
			};
		};
		6D1DF052272A2B18002A7AE5 /* XCRemoteSwiftPackageReference "Maaku.git" */ = {
			isa = XCRemoteSwiftPackageReference;
			repositoryURL = "https://github.com/KristopherGBaker/Maaku.git";
			requirement = {
				branch = master;
				kind = branch;
			};
		};
		6D1DF055272A2BEA002A7AE5 /* XCRemoteSwiftPackageReference "XCDYouTubeKit.git" */ = {
			isa = XCRemoteSwiftPackageReference;
			repositoryURL = "https://github.com/0xced/XCDYouTubeKit.git";
			requirement = {
				kind = upToNextMajorVersion;
				minimumVersion = 2.0.0;
			};
		};
		6D6D420E2437C14E002D4413 /* XCRemoteSwiftPackageReference "Kanna" */ = {
			isa = XCRemoteSwiftPackageReference;
			repositoryURL = "https://github.com/tid-kijyun/Kanna";
			requirement = {
				kind = upToNextMajorVersion;
				minimumVersion = 5.2.2;
			};
		};
		6D99083B23E3D8D500E8686A /* XCRemoteSwiftPackageReference "SDWebImageSwiftUI" */ = {
			isa = XCRemoteSwiftPackageReference;
			repositoryURL = "https://github.com/SDWebImage/SDWebImageSwiftUI";
			requirement = {
				kind = upToNextMajorVersion;
				minimumVersion = 2.0.0;
			};
		};
/* End XCRemoteSwiftPackageReference section */

/* Begin XCSwiftPackageProductDependency section */
		6D1DF050272A2AD0002A7AE5 /* Illithid */ = {
			isa = XCSwiftPackageProductDependency;
			package = 6D1DF04F272A2AD0002A7AE5 /* XCRemoteSwiftPackageReference "Illithid.git" */;
			productName = Illithid;
		};
		6D1DF053272A2B18002A7AE5 /* Maaku */ = {
			isa = XCSwiftPackageProductDependency;
			package = 6D1DF052272A2B18002A7AE5 /* XCRemoteSwiftPackageReference "Maaku.git" */;
			productName = Maaku;
		};
		6D1DF056272A2BEA002A7AE5 /* XCDYouTubeKit */ = {
			isa = XCSwiftPackageProductDependency;
			package = 6D1DF055272A2BEA002A7AE5 /* XCRemoteSwiftPackageReference "XCDYouTubeKit.git" */;
			productName = XCDYouTubeKit;
		};
		6D6D420F2437C14E002D4413 /* Kanna */ = {
			isa = XCSwiftPackageProductDependency;
			package = 6D6D420E2437C14E002D4413 /* XCRemoteSwiftPackageReference "Kanna" */;
			productName = Kanna;
		};
		6D731BFE22A826CD0065183B /* Illithid */ = {
			isa = XCSwiftPackageProductDependency;
			productName = Illithid;
		};
		6D99083C23E3D8D500E8686A /* SDWebImageSwiftUI */ = {
			isa = XCSwiftPackageProductDependency;
			package = 6D99083B23E3D8D500E8686A /* XCRemoteSwiftPackageReference "SDWebImageSwiftUI" */;
			productName = SDWebImageSwiftUI;
		};
/* End XCSwiftPackageProductDependency section */

/* Begin XCVersionGroup section */
		6D2EA59722A7FEE20059B6EA /* IllithidUI.xcdatamodeld */ = {
			isa = XCVersionGroup;
			children = (
				6D2EA59822A7FEE20059B6EA /* IllithidUI.xcdatamodel */,
			);
			currentVersion = 6D2EA59822A7FEE20059B6EA /* IllithidUI.xcdatamodel */;
			path = IllithidUI.xcdatamodeld;
			sourceTree = "<group>";
			versionGroupType = wrapper.xcdatamodel;
		};
/* End XCVersionGroup section */
	};
	rootObject = 6D2EA58822A7FEE20059B6EA /* Project object */;
}
